// !$*UTF8*$!
{
	archiveVersion = 1;
	classes = {
	};
	objectVersion = 55;
	objects = {

/* Begin PBXBuildFile section */
		A654CA6928739693008456FC /* ProductDetails.storyboard in Resources */ = {isa = PBXBuildFile; fileRef = A654CA6828739693008456FC /* ProductDetails.storyboard */; };
		A654CA6E2873974B008456FC /* ProductDetailsViewController.swift in Sources */ = {isa = PBXBuildFile; fileRef = A654CA6D2873974B008456FC /* ProductDetailsViewController.swift */; };
		A6654A4928838FFA00A6EE40 /* NetworkMonitor.swift in Sources */ = {isa = PBXBuildFile; fileRef = A6654A4828838FFA00A6EE40 /* NetworkMonitor.swift */; };
		A66D66B52873568900C5BDBE /* AppDelegate.swift in Sources */ = {isa = PBXBuildFile; fileRef = A66D66B42873568900C5BDBE /* AppDelegate.swift */; };
		A66D66B72873568900C5BDBE /* SceneDelegate.swift in Sources */ = {isa = PBXBuildFile; fileRef = A66D66B62873568900C5BDBE /* SceneDelegate.swift */; };
		A66D66B92873568900C5BDBE /* ViewController.swift in Sources */ = {isa = PBXBuildFile; fileRef = A66D66B82873568900C5BDBE /* ViewController.swift */; };
		A66D66BC2873568900C5BDBE /* Main.storyboard in Resources */ = {isa = PBXBuildFile; fileRef = A66D66BA2873568900C5BDBE /* Main.storyboard */; };
		A66D66BF2873568900C5BDBE /* Shopify.xcdatamodeld in Sources */ = {isa = PBXBuildFile; fileRef = A66D66BD2873568900C5BDBE /* Shopify.xcdatamodeld */; };
		A66D66C12873568A00C5BDBE /* Assets.xcassets in Resources */ = {isa = PBXBuildFile; fileRef = A66D66C02873568A00C5BDBE /* Assets.xcassets */; };
		A66D66C42873568A00C5BDBE /* LaunchScreen.storyboard in Resources */ = {isa = PBXBuildFile; fileRef = A66D66C22873568A00C5BDBE /* LaunchScreen.storyboard */; };
		A66D66CF2873568A00C5BDBE /* ShopifyTests.swift in Sources */ = {isa = PBXBuildFile; fileRef = A66D66CE2873568A00C5BDBE /* ShopifyTests.swift */; };
		A66D66D92873568A00C5BDBE /* ShopifyUITests.swift in Sources */ = {isa = PBXBuildFile; fileRef = A66D66D82873568A00C5BDBE /* ShopifyUITests.swift */; };
		A66D66DB2873568A00C5BDBE /* ShopifyUITestsLaunchTests.swift in Sources */ = {isa = PBXBuildFile; fileRef = A66D66DA2873568A00C5BDBE /* ShopifyUITestsLaunchTests.swift */; };
		A66D66F528736AD200C5BDBE /* HomeViewModel.swift in Sources */ = {isa = PBXBuildFile; fileRef = A66D66F428736AD200C5BDBE /* HomeViewModel.swift */; };
		A682E101287F1A1C00BD0954 /* Encoding+Ext.swift in Sources */ = {isa = PBXBuildFile; fileRef = A682E100287F1A1C00BD0954 /* Encoding+Ext.swift */; };
		A682E103287F1A3400BD0954 /* UIViewController+Ext.swift in Sources */ = {isa = PBXBuildFile; fileRef = A682E102287F1A3400BD0954 /* UIViewController+Ext.swift */; };
		A682E106287F1A6500BD0954 /* Helper.swift in Sources */ = {isa = PBXBuildFile; fileRef = A682E105287F1A6500BD0954 /* Helper.swift */; };
		A682E108287F1B3100BD0954 /* Customer.swift in Sources */ = {isa = PBXBuildFile; fileRef = A682E107287F1B3100BD0954 /* Customer.swift */; };
		A682E10A287F1BA600BD0954 /* Authentication.storyboard in Resources */ = {isa = PBXBuildFile; fileRef = A682E109287F1BA600BD0954 /* Authentication.storyboard */; };
		A682E10C287F1D3B00BD0954 /* Image+Ext.swift in Sources */ = {isa = PBXBuildFile; fileRef = A682E10B287F1D3B00BD0954 /* Image+Ext.swift */; };
		A682E11C287F4A9F00BD0954 /* ProductDetailsCollectionViewCell.swift in Sources */ = {isa = PBXBuildFile; fileRef = A682E11A287F4A9F00BD0954 /* ProductDetailsCollectionViewCell.swift */; };
		A682E11D287F4A9F00BD0954 /* ProductDetailsCollectionViewCell.xib in Resources */ = {isa = PBXBuildFile; fileRef = A682E11B287F4A9F00BD0954 /* ProductDetailsCollectionViewCell.xib */; };
		E200C46628830639004923A4 /* Utils.swift in Sources */ = {isa = PBXBuildFile; fileRef = E200C46528830639004923A4 /* Utils.swift */; };
		E200C46828830691004923A4 /* HTTPMeyhod.swift in Sources */ = {isa = PBXBuildFile; fileRef = E200C46728830691004923A4 /* HTTPMeyhod.swift */; };
		E200C46B28830728004923A4 /* LoginViewModel.swift in Sources */ = {isa = PBXBuildFile; fileRef = E200C46A28830728004923A4 /* LoginViewModel.swift */; };
		E200C470288308D2004923A4 /* LoginViewController.swift in Sources */ = {isa = PBXBuildFile; fileRef = E200C46F288308D2004923A4 /* LoginViewController.swift */; };
		E200C472288308F0004923A4 /* SignUpViewController.swift in Sources */ = {isa = PBXBuildFile; fileRef = E200C471288308F0004923A4 /* SignUpViewController.swift */; };
		E200C47528830905004923A4 /* SignUpViewModel.swift in Sources */ = {isa = PBXBuildFile; fileRef = E200C47428830905004923A4 /* SignUpViewModel.swift */; };
		E200C47828830916004923A4 /* SignUpModel.swift in Sources */ = {isa = PBXBuildFile; fileRef = E200C47728830916004923A4 /* SignUpModel.swift */; };
		E200C47A28830E7F004923A4 /* GuestProfileViewController.swift in Sources */ = {isa = PBXBuildFile; fileRef = E200C47928830E7F004923A4 /* GuestProfileViewController.swift */; };
		E200C47E28833F65004923A4 /* FavouriteViewController.swift in Sources */ = {isa = PBXBuildFile; fileRef = E200C47D28833F65004923A4 /* FavouriteViewController.swift */; };
		E200C48128834200004923A4 /* FvTableViewCell.swift in Sources */ = {isa = PBXBuildFile; fileRef = E200C48028834200004923A4 /* FvTableViewCell.swift */; };
		E234B0C52874915900ABA378 /* DBmanger.swift in Sources */ = {isa = PBXBuildFile; fileRef = E234B0C42874915900ABA378 /* DBmanger.swift */; };
		E24EF3CE28738314004DC17F /* CategoryViewController.swift in Sources */ = {isa = PBXBuildFile; fileRef = E24EF3CD28738314004DC17F /* CategoryViewController.swift */; };
		E24EF3D02873834F004DC17F /* PersonalViewController.swift in Sources */ = {isa = PBXBuildFile; fileRef = E24EF3CF2873834F004DC17F /* PersonalViewController.swift */; };
		E24EF3D228738445004DC17F /* BrandCollectionViewCell.swift in Sources */ = {isa = PBXBuildFile; fileRef = E24EF3D128738445004DC17F /* BrandCollectionViewCell.swift */; };
		E24EF3D52873875C004DC17F /* Brands.swift in Sources */ = {isa = PBXBuildFile; fileRef = E24EF3D42873875C004DC17F /* Brands.swift */; };
		E24EF3DA287387C0004DC17F /* JsonDecoder.swift in Sources */ = {isa = PBXBuildFile; fileRef = E24EF3D9287387C0004DC17F /* JsonDecoder.swift */; };
		E24EF3DC287387CB004DC17F /* Urls.swift in Sources */ = {isa = PBXBuildFile; fileRef = E24EF3DB287387CB004DC17F /* Urls.swift */; };
		E24EF3DE287387DA004DC17F /* ApiServices.swift in Sources */ = {isa = PBXBuildFile; fileRef = E24EF3DD287387DA004DC17F /* ApiServices.swift */; };
		E24EF3E0287387EE004DC17F /* NetworkManager.swift in Sources */ = {isa = PBXBuildFile; fileRef = E24EF3DF287387EE004DC17F /* NetworkManager.swift */; };
		E24EF3F72874A5D6004DC17F /* ProductViewController.swift in Sources */ = {isa = PBXBuildFile; fileRef = E24EF3F62874A5D6004DC17F /* ProductViewController.swift */; };
		E24EF3F92874A5EA004DC17F /* ProductViewModel.swift in Sources */ = {isa = PBXBuildFile; fileRef = E24EF3F82874A5EA004DC17F /* ProductViewModel.swift */; };
		E24EF3FB2874A64D004DC17F /* Products.swift in Sources */ = {isa = PBXBuildFile; fileRef = E24EF3FA2874A64D004DC17F /* Products.swift */; };
		E258A9FB2880567000AC4A72 /* PaymentOptionsTableViewCell.swift in Sources */ = {isa = PBXBuildFile; fileRef = E258A9D32880567000AC4A72 /* PaymentOptionsTableViewCell.swift */; };
		E258A9FC2880567000AC4A72 /* PaymentOptionsViewController.swift in Sources */ = {isa = PBXBuildFile; fileRef = E258A9D42880567000AC4A72 /* PaymentOptionsViewController.swift */; };
		E258A9FD2880567000AC4A72 /* FinishOrderViewModel.swift in Sources */ = {isa = PBXBuildFile; fileRef = E258A9D82880567000AC4A72 /* FinishOrderViewModel.swift */; };
		E258A9FE2880567000AC4A72 /* NetworkMangerDiscount.swift in Sources */ = {isa = PBXBuildFile; fileRef = E258A9DA2880567000AC4A72 /* NetworkMangerDiscount.swift */; };
		E258A9FF2880567000AC4A72 /* DiscountCode.swift in Sources */ = {isa = PBXBuildFile; fileRef = E258A9DC2880567000AC4A72 /* DiscountCode.swift */; };
		E258AA002880567000AC4A72 /* FinishOrderViewController.swift in Sources */ = {isa = PBXBuildFile; fileRef = E258A9DE2880567000AC4A72 /* FinishOrderViewController.swift */; };
		E258AA012880567000AC4A72 /* ApiServiceDiscount.swift in Sources */ = {isa = PBXBuildFile; fileRef = E258A9E02880567000AC4A72 /* ApiServiceDiscount.swift */; };
		E258AA022880567000AC4A72 /* UrlsFinish.swift in Sources */ = {isa = PBXBuildFile; fileRef = E258A9E22880567000AC4A72 /* UrlsFinish.swift */; };
		E258AA032880567000AC4A72 /* testViewController.swift in Sources */ = {isa = PBXBuildFile; fileRef = E258A9E42880567000AC4A72 /* testViewController.swift */; };
		E258AA042880567000AC4A72 /* ShoppingCartTableViewCell.xib in Resources */ = {isa = PBXBuildFile; fileRef = E258A9E82880567000AC4A72 /* ShoppingCartTableViewCell.xib */; };
		E258AA052880567000AC4A72 /* ShoppingCartTableViewCell.swift in Sources */ = {isa = PBXBuildFile; fileRef = E258A9E92880567000AC4A72 /* ShoppingCartTableViewCell.swift */; };
		E258AA062880567000AC4A72 /* ShoppingCartViewController.swift in Sources */ = {isa = PBXBuildFile; fileRef = E258A9EA2880567000AC4A72 /* ShoppingCartViewController.swift */; };
		E258AA072880567000AC4A72 /* ChooseAddressViewModel.swift in Sources */ = {isa = PBXBuildFile; fileRef = E258A9EE2880567000AC4A72 /* ChooseAddressViewModel.swift */; };
		E258AA082880567000AC4A72 /* NetworkmangerChooseAddress.swift in Sources */ = {isa = PBXBuildFile; fileRef = E258A9F02880567000AC4A72 /* NetworkmangerChooseAddress.swift */; };
		E258AA092880567000AC4A72 /* Address.swift in Sources */ = {isa = PBXBuildFile; fileRef = E258A9F22880567000AC4A72 /* Address.swift */; };
		E258AA0A2880567000AC4A72 /* ChooseAddressTableViewCell.xib in Resources */ = {isa = PBXBuildFile; fileRef = E258A9F52880567000AC4A72 /* ChooseAddressTableViewCell.xib */; };
		E258AA0B2880567000AC4A72 /* ChooseAddressTableViewCell.swift in Sources */ = {isa = PBXBuildFile; fileRef = E258A9F62880567000AC4A72 /* ChooseAddressTableViewCell.swift */; };
		E258AA0C2880567000AC4A72 /* ChooseAddressViewController.swift in Sources */ = {isa = PBXBuildFile; fileRef = E258A9F72880567000AC4A72 /* ChooseAddressViewController.swift */; };
		E258AA0D2880567000AC4A72 /* ApiServiceChooseAddress.swift in Sources */ = {isa = PBXBuildFile; fileRef = E258A9F92880567000AC4A72 /* ApiServiceChooseAddress.swift */; };
		E258AA0E2880567000AC4A72 /* urls.swift in Sources */ = {isa = PBXBuildFile; fileRef = E258A9FA2880567000AC4A72 /* urls.swift */; };
		E258AA102880A87500AC4A72 /* ShoppingCart.storyboard in Resources */ = {isa = PBXBuildFile; fileRef = E258AA0F2880A87500AC4A72 /* ShoppingCart.storyboard */; };
		E258AA282881852D00AC4A72 /* MeViewController.swift in Sources */ = {isa = PBXBuildFile; fileRef = E258AA272881852D00AC4A72 /* MeViewController.swift */; };
		E258AA2E288185AC00AC4A72 /* OrderTableViewCell.swift in Sources */ = {isa = PBXBuildFile; fileRef = E258AA2C288185AC00AC4A72 /* OrderTableViewCell.swift */; };
		E258AA2F288185AC00AC4A72 /* OrderTableViewCell.xib in Resources */ = {isa = PBXBuildFile; fileRef = E258AA2D288185AC00AC4A72 /* OrderTableViewCell.xib */; };
		E258AA332881938A00AC4A72 /* MyOrdersViewController.swift in Sources */ = {isa = PBXBuildFile; fileRef = E258AA322881938A00AC4A72 /* MyOrdersViewController.swift */; };
		E258AA3728819DF500AC4A72 /* OrderViewController.swift in Sources */ = {isa = PBXBuildFile; fileRef = E258AA3628819DF500AC4A72 /* OrderViewController.swift */; };
		E258AA3B28819E2300AC4A72 /* itemInOrderTableViewCell.swift in Sources */ = {isa = PBXBuildFile; fileRef = E258AA3928819E2300AC4A72 /* itemInOrderTableViewCell.swift */; };
		E258AA3C28819E2300AC4A72 /* itemInOrderTableViewCell.xib in Resources */ = {isa = PBXBuildFile; fileRef = E258AA3A28819E2300AC4A72 /* itemInOrderTableViewCell.xib */; };
		E258AA422881CA8B00AC4A72 /* addressInMeViewController.swift in Sources */ = {isa = PBXBuildFile; fileRef = E258AA412881CA8B00AC4A72 /* addressInMeViewController.swift */; };
		E258AA462881CBA300AC4A72 /* SettingViewController.swift in Sources */ = {isa = PBXBuildFile; fileRef = E258AA452881CBA300AC4A72 /* SettingViewController.swift */; };
		E258AA4B2881D24300AC4A72 /* AddressInMeTableViewCell.swift in Sources */ = {isa = PBXBuildFile; fileRef = E258AA4A2881D24300AC4A72 /* AddressInMeTableViewCell.swift */; };
		E26539CF2882334300B2631A /* AddNewAddressViewController.swift in Sources */ = {isa = PBXBuildFile; fileRef = E26539CE2882334300B2631A /* AddNewAddressViewController.swift */; };
		E2748BB92874F6E20001234B /* ProductCVCell.swift in Sources */ = {isa = PBXBuildFile; fileRef = E2748BB82874F6E20001234B /* ProductCVCell.swift */; };
		E298F41528771FE4002A3C47 /* Category.swift in Sources */ = {isa = PBXBuildFile; fileRef = E298F41428771FE3002A3C47 /* Category.swift */; };
		E2AD30D7287A2690002D9CF2 /* CategoryViewModel.swift in Sources */ = {isa = PBXBuildFile; fileRef = E2AD30D6287A2690002D9CF2 /* CategoryViewModel.swift */; };
		E2AD30DA287A2936002D9CF2 /* CategoryCollectionViewCell.swift in Sources */ = {isa = PBXBuildFile; fileRef = E2AD30D9287A2936002D9CF2 /* CategoryCollectionViewCell.swift */; };
		E2AD30DC287A34A7002D9CF2 /* Categor.swift in Sources */ = {isa = PBXBuildFile; fileRef = E2AD30DB287A34A7002D9CF2 /* Categor.swift */; };
		E2AD30DE287C504A002D9CF2 /* Product.swift in Sources */ = {isa = PBXBuildFile; fileRef = E2AD30DD287C504A002D9CF2 /* Product.swift */; };
/* End PBXBuildFile section */

/* Begin PBXContainerItemProxy section */
		A66D66CB2873568A00C5BDBE /* PBXContainerItemProxy */ = {
			isa = PBXContainerItemProxy;
			containerPortal = A66D66A92873568800C5BDBE /* Project object */;
			proxyType = 1;
			remoteGlobalIDString = A66D66B02873568900C5BDBE;
			remoteInfo = Shopify;
		};
		A66D66D52873568A00C5BDBE /* PBXContainerItemProxy */ = {
			isa = PBXContainerItemProxy;
			containerPortal = A66D66A92873568800C5BDBE /* Project object */;
			proxyType = 1;
			remoteGlobalIDString = A66D66B02873568900C5BDBE;
			remoteInfo = Shopify;
		};
/* End PBXContainerItemProxy section */

/* Begin PBXFileReference section */
		A654CA6828739693008456FC /* ProductDetails.storyboard */ = {isa = PBXFileReference; lastKnownFileType = file.storyboard; path = ProductDetails.storyboard; sourceTree = "<group>"; };
		A654CA6D2873974B008456FC /* ProductDetailsViewController.swift */ = {isa = PBXFileReference; lastKnownFileType = sourcecode.swift; path = ProductDetailsViewController.swift; sourceTree = "<group>"; };
		A6654A4828838FFA00A6EE40 /* NetworkMonitor.swift */ = {isa = PBXFileReference; lastKnownFileType = sourcecode.swift; path = NetworkMonitor.swift; sourceTree = "<group>"; };
		A66D66B12873568900C5BDBE /* Shopify.app */ = {isa = PBXFileReference; explicitFileType = wrapper.application; includeInIndex = 0; path = Shopify.app; sourceTree = BUILT_PRODUCTS_DIR; };
		A66D66B42873568900C5BDBE /* AppDelegate.swift */ = {isa = PBXFileReference; lastKnownFileType = sourcecode.swift; path = AppDelegate.swift; sourceTree = "<group>"; };
		A66D66B62873568900C5BDBE /* SceneDelegate.swift */ = {isa = PBXFileReference; lastKnownFileType = sourcecode.swift; path = SceneDelegate.swift; sourceTree = "<group>"; };
		A66D66B82873568900C5BDBE /* ViewController.swift */ = {isa = PBXFileReference; lastKnownFileType = sourcecode.swift; path = ViewController.swift; sourceTree = "<group>"; };
		A66D66BB2873568900C5BDBE /* Base */ = {isa = PBXFileReference; lastKnownFileType = file.storyboard; name = Base; path = Base.lproj/Main.storyboard; sourceTree = "<group>"; };
		A66D66BE2873568900C5BDBE /* Shopify.xcdatamodel */ = {isa = PBXFileReference; lastKnownFileType = wrapper.xcdatamodel; path = Shopify.xcdatamodel; sourceTree = "<group>"; };
		A66D66C02873568A00C5BDBE /* Assets.xcassets */ = {isa = PBXFileReference; lastKnownFileType = folder.assetcatalog; path = Assets.xcassets; sourceTree = "<group>"; };
		A66D66C32873568A00C5BDBE /* Base */ = {isa = PBXFileReference; lastKnownFileType = file.storyboard; name = Base; path = Base.lproj/LaunchScreen.storyboard; sourceTree = "<group>"; };
		A66D66C52873568A00C5BDBE /* Info.plist */ = {isa = PBXFileReference; lastKnownFileType = text.plist.xml; path = Info.plist; sourceTree = "<group>"; };
		A66D66CA2873568A00C5BDBE /* ShopifyTests.xctest */ = {isa = PBXFileReference; explicitFileType = wrapper.cfbundle; includeInIndex = 0; path = ShopifyTests.xctest; sourceTree = BUILT_PRODUCTS_DIR; };
		A66D66CE2873568A00C5BDBE /* ShopifyTests.swift */ = {isa = PBXFileReference; lastKnownFileType = sourcecode.swift; path = ShopifyTests.swift; sourceTree = "<group>"; };
		A66D66D42873568A00C5BDBE /* ShopifyUITests.xctest */ = {isa = PBXFileReference; explicitFileType = wrapper.cfbundle; includeInIndex = 0; path = ShopifyUITests.xctest; sourceTree = BUILT_PRODUCTS_DIR; };
		A66D66D82873568A00C5BDBE /* ShopifyUITests.swift */ = {isa = PBXFileReference; lastKnownFileType = sourcecode.swift; path = ShopifyUITests.swift; sourceTree = "<group>"; };
		A66D66DA2873568A00C5BDBE /* ShopifyUITestsLaunchTests.swift */ = {isa = PBXFileReference; lastKnownFileType = sourcecode.swift; path = ShopifyUITestsLaunchTests.swift; sourceTree = "<group>"; };
		A66D66F428736AD200C5BDBE /* HomeViewModel.swift */ = {isa = PBXFileReference; lastKnownFileType = sourcecode.swift; path = HomeViewModel.swift; sourceTree = "<group>"; };
		A682E100287F1A1C00BD0954 /* Encoding+Ext.swift */ = {isa = PBXFileReference; lastKnownFileType = sourcecode.swift; path = "Encoding+Ext.swift"; sourceTree = "<group>"; };
		A682E102287F1A3400BD0954 /* UIViewController+Ext.swift */ = {isa = PBXFileReference; lastKnownFileType = sourcecode.swift; path = "UIViewController+Ext.swift"; sourceTree = "<group>"; };
		A682E105287F1A6500BD0954 /* Helper.swift */ = {isa = PBXFileReference; lastKnownFileType = sourcecode.swift; path = Helper.swift; sourceTree = "<group>"; };
		A682E107287F1B3100BD0954 /* Customer.swift */ = {isa = PBXFileReference; lastKnownFileType = sourcecode.swift; path = Customer.swift; sourceTree = "<group>"; };
		A682E109287F1BA600BD0954 /* Authentication.storyboard */ = {isa = PBXFileReference; lastKnownFileType = file.storyboard; path = Authentication.storyboard; sourceTree = "<group>"; };
		A682E10B287F1D3B00BD0954 /* Image+Ext.swift */ = {isa = PBXFileReference; lastKnownFileType = sourcecode.swift; path = "Image+Ext.swift"; sourceTree = "<group>"; };
		A682E11A287F4A9F00BD0954 /* ProductDetailsCollectionViewCell.swift */ = {isa = PBXFileReference; lastKnownFileType = sourcecode.swift; path = ProductDetailsCollectionViewCell.swift; sourceTree = "<group>"; };
		A682E11B287F4A9F00BD0954 /* ProductDetailsCollectionViewCell.xib */ = {isa = PBXFileReference; lastKnownFileType = file.xib; path = ProductDetailsCollectionViewCell.xib; sourceTree = "<group>"; };
		E200C46528830639004923A4 /* Utils.swift */ = {isa = PBXFileReference; fileEncoding = 4; lastKnownFileType = sourcecode.swift; path = Utils.swift; sourceTree = "<group>"; };
		E200C46728830691004923A4 /* HTTPMeyhod.swift */ = {isa = PBXFileReference; fileEncoding = 4; lastKnownFileType = sourcecode.swift; path = HTTPMeyhod.swift; sourceTree = "<group>"; };
		E200C46A28830728004923A4 /* LoginViewModel.swift */ = {isa = PBXFileReference; fileEncoding = 4; lastKnownFileType = sourcecode.swift; path = LoginViewModel.swift; sourceTree = "<group>"; };
		E200C46F288308D2004923A4 /* LoginViewController.swift */ = {isa = PBXFileReference; fileEncoding = 4; lastKnownFileType = sourcecode.swift; path = LoginViewController.swift; sourceTree = "<group>"; };
		E200C471288308F0004923A4 /* SignUpViewController.swift */ = {isa = PBXFileReference; fileEncoding = 4; lastKnownFileType = sourcecode.swift; path = SignUpViewController.swift; sourceTree = "<group>"; };
		E200C47428830905004923A4 /* SignUpViewModel.swift */ = {isa = PBXFileReference; fileEncoding = 4; lastKnownFileType = sourcecode.swift; path = SignUpViewModel.swift; sourceTree = "<group>"; };
		E200C47728830916004923A4 /* SignUpModel.swift */ = {isa = PBXFileReference; fileEncoding = 4; lastKnownFileType = sourcecode.swift; path = SignUpModel.swift; sourceTree = "<group>"; };
		E200C47928830E7F004923A4 /* GuestProfileViewController.swift */ = {isa = PBXFileReference; fileEncoding = 4; lastKnownFileType = sourcecode.swift; path = GuestProfileViewController.swift; sourceTree = "<group>"; };
		E200C47D28833F65004923A4 /* FavouriteViewController.swift */ = {isa = PBXFileReference; lastKnownFileType = sourcecode.swift; path = FavouriteViewController.swift; sourceTree = "<group>"; };
		E200C48028834200004923A4 /* FvTableViewCell.swift */ = {isa = PBXFileReference; lastKnownFileType = sourcecode.swift; path = FvTableViewCell.swift; sourceTree = "<group>"; };
		E234B0C42874915900ABA378 /* DBmanger.swift */ = {isa = PBXFileReference; lastKnownFileType = sourcecode.swift; path = DBmanger.swift; sourceTree = "<group>"; };
		E24EF3CD28738314004DC17F /* CategoryViewController.swift */ = {isa = PBXFileReference; lastKnownFileType = sourcecode.swift; path = CategoryViewController.swift; sourceTree = "<group>"; };
		E24EF3CF2873834F004DC17F /* PersonalViewController.swift */ = {isa = PBXFileReference; lastKnownFileType = sourcecode.swift; path = PersonalViewController.swift; sourceTree = "<group>"; };
		E24EF3D128738445004DC17F /* BrandCollectionViewCell.swift */ = {isa = PBXFileReference; lastKnownFileType = sourcecode.swift; path = BrandCollectionViewCell.swift; sourceTree = "<group>"; };
		E24EF3D42873875C004DC17F /* Brands.swift */ = {isa = PBXFileReference; lastKnownFileType = sourcecode.swift; path = Brands.swift; sourceTree = "<group>"; };
		E24EF3D9287387C0004DC17F /* JsonDecoder.swift */ = {isa = PBXFileReference; lastKnownFileType = sourcecode.swift; path = JsonDecoder.swift; sourceTree = "<group>"; };
		E24EF3DB287387CB004DC17F /* Urls.swift */ = {isa = PBXFileReference; lastKnownFileType = sourcecode.swift; path = Urls.swift; sourceTree = "<group>"; };
		E24EF3DD287387DA004DC17F /* ApiServices.swift */ = {isa = PBXFileReference; lastKnownFileType = sourcecode.swift; path = ApiServices.swift; sourceTree = "<group>"; };
		E24EF3DF287387EE004DC17F /* NetworkManager.swift */ = {isa = PBXFileReference; lastKnownFileType = sourcecode.swift; path = NetworkManager.swift; sourceTree = "<group>"; };
		E24EF3F62874A5D6004DC17F /* ProductViewController.swift */ = {isa = PBXFileReference; lastKnownFileType = sourcecode.swift; path = ProductViewController.swift; sourceTree = "<group>"; };
		E24EF3F82874A5EA004DC17F /* ProductViewModel.swift */ = {isa = PBXFileReference; lastKnownFileType = sourcecode.swift; path = ProductViewModel.swift; sourceTree = "<group>"; };
		E24EF3FA2874A64D004DC17F /* Products.swift */ = {isa = PBXFileReference; lastKnownFileType = sourcecode.swift; path = Products.swift; sourceTree = "<group>"; };
		E258A98C288046DB00AC4A72 /* Shopify.entitlements */ = {isa = PBXFileReference; lastKnownFileType = text.plist.entitlements; path = Shopify.entitlements; sourceTree = "<group>"; };
		E258A9D32880567000AC4A72 /* PaymentOptionsTableViewCell.swift */ = {isa = PBXFileReference; fileEncoding = 4; lastKnownFileType = sourcecode.swift; path = PaymentOptionsTableViewCell.swift; sourceTree = "<group>"; };
		E258A9D42880567000AC4A72 /* PaymentOptionsViewController.swift */ = {isa = PBXFileReference; fileEncoding = 4; lastKnownFileType = sourcecode.swift; path = PaymentOptionsViewController.swift; sourceTree = "<group>"; };
		E258A9D82880567000AC4A72 /* FinishOrderViewModel.swift */ = {isa = PBXFileReference; fileEncoding = 4; lastKnownFileType = sourcecode.swift; path = FinishOrderViewModel.swift; sourceTree = "<group>"; };
		E258A9DA2880567000AC4A72 /* NetworkMangerDiscount.swift */ = {isa = PBXFileReference; fileEncoding = 4; lastKnownFileType = sourcecode.swift; path = NetworkMangerDiscount.swift; sourceTree = "<group>"; };
		E258A9DC2880567000AC4A72 /* DiscountCode.swift */ = {isa = PBXFileReference; fileEncoding = 4; lastKnownFileType = sourcecode.swift; path = DiscountCode.swift; sourceTree = "<group>"; };
		E258A9DE2880567000AC4A72 /* FinishOrderViewController.swift */ = {isa = PBXFileReference; fileEncoding = 4; lastKnownFileType = sourcecode.swift; path = FinishOrderViewController.swift; sourceTree = "<group>"; };
		E258A9E02880567000AC4A72 /* ApiServiceDiscount.swift */ = {isa = PBXFileReference; fileEncoding = 4; lastKnownFileType = sourcecode.swift; path = ApiServiceDiscount.swift; sourceTree = "<group>"; };
		E258A9E22880567000AC4A72 /* UrlsFinish.swift */ = {isa = PBXFileReference; fileEncoding = 4; lastKnownFileType = sourcecode.swift; path = UrlsFinish.swift; sourceTree = "<group>"; };
		E258A9E42880567000AC4A72 /* testViewController.swift */ = {isa = PBXFileReference; fileEncoding = 4; lastKnownFileType = sourcecode.swift; path = testViewController.swift; sourceTree = "<group>"; };
		E258A9E82880567000AC4A72 /* ShoppingCartTableViewCell.xib */ = {isa = PBXFileReference; fileEncoding = 4; lastKnownFileType = file.xib; path = ShoppingCartTableViewCell.xib; sourceTree = "<group>"; };
		E258A9E92880567000AC4A72 /* ShoppingCartTableViewCell.swift */ = {isa = PBXFileReference; fileEncoding = 4; lastKnownFileType = sourcecode.swift; path = ShoppingCartTableViewCell.swift; sourceTree = "<group>"; };
		E258A9EA2880567000AC4A72 /* ShoppingCartViewController.swift */ = {isa = PBXFileReference; fileEncoding = 4; lastKnownFileType = sourcecode.swift; path = ShoppingCartViewController.swift; sourceTree = "<group>"; };
		E258A9EE2880567000AC4A72 /* ChooseAddressViewModel.swift */ = {isa = PBXFileReference; fileEncoding = 4; lastKnownFileType = sourcecode.swift; path = ChooseAddressViewModel.swift; sourceTree = "<group>"; };
		E258A9F02880567000AC4A72 /* NetworkmangerChooseAddress.swift */ = {isa = PBXFileReference; fileEncoding = 4; lastKnownFileType = sourcecode.swift; path = NetworkmangerChooseAddress.swift; sourceTree = "<group>"; };
		E258A9F22880567000AC4A72 /* Address.swift */ = {isa = PBXFileReference; fileEncoding = 4; lastKnownFileType = sourcecode.swift; path = Address.swift; sourceTree = "<group>"; };
		E258A9F52880567000AC4A72 /* ChooseAddressTableViewCell.xib */ = {isa = PBXFileReference; fileEncoding = 4; lastKnownFileType = file.xib; path = ChooseAddressTableViewCell.xib; sourceTree = "<group>"; };
		E258A9F62880567000AC4A72 /* ChooseAddressTableViewCell.swift */ = {isa = PBXFileReference; fileEncoding = 4; lastKnownFileType = sourcecode.swift; path = ChooseAddressTableViewCell.swift; sourceTree = "<group>"; };
		E258A9F72880567000AC4A72 /* ChooseAddressViewController.swift */ = {isa = PBXFileReference; fileEncoding = 4; lastKnownFileType = sourcecode.swift; path = ChooseAddressViewController.swift; sourceTree = "<group>"; };
		E258A9F92880567000AC4A72 /* ApiServiceChooseAddress.swift */ = {isa = PBXFileReference; fileEncoding = 4; lastKnownFileType = sourcecode.swift; path = ApiServiceChooseAddress.swift; sourceTree = "<group>"; };
		E258A9FA2880567000AC4A72 /* urls.swift */ = {isa = PBXFileReference; fileEncoding = 4; lastKnownFileType = sourcecode.swift; path = urls.swift; sourceTree = "<group>"; };
		E258AA0F2880A87500AC4A72 /* ShoppingCart.storyboard */ = {isa = PBXFileReference; fileEncoding = 4; lastKnownFileType = file.storyboard; path = ShoppingCart.storyboard; sourceTree = "<group>"; };
		E258AA272881852D00AC4A72 /* MeViewController.swift */ = {isa = PBXFileReference; lastKnownFileType = sourcecode.swift; path = MeViewController.swift; sourceTree = "<group>"; };
		E258AA2C288185AC00AC4A72 /* OrderTableViewCell.swift */ = {isa = PBXFileReference; lastKnownFileType = sourcecode.swift; path = OrderTableViewCell.swift; sourceTree = "<group>"; };
		E258AA2D288185AC00AC4A72 /* OrderTableViewCell.xib */ = {isa = PBXFileReference; lastKnownFileType = file.xib; path = OrderTableViewCell.xib; sourceTree = "<group>"; };
		E258AA322881938A00AC4A72 /* MyOrdersViewController.swift */ = {isa = PBXFileReference; lastKnownFileType = sourcecode.swift; path = MyOrdersViewController.swift; sourceTree = "<group>"; };
		E258AA3628819DF500AC4A72 /* OrderViewController.swift */ = {isa = PBXFileReference; lastKnownFileType = sourcecode.swift; path = OrderViewController.swift; sourceTree = "<group>"; };
		E258AA3928819E2300AC4A72 /* itemInOrderTableViewCell.swift */ = {isa = PBXFileReference; lastKnownFileType = sourcecode.swift; path = itemInOrderTableViewCell.swift; sourceTree = "<group>"; };
		E258AA3A28819E2300AC4A72 /* itemInOrderTableViewCell.xib */ = {isa = PBXFileReference; lastKnownFileType = file.xib; path = itemInOrderTableViewCell.xib; sourceTree = "<group>"; };
		E258AA412881CA8B00AC4A72 /* addressInMeViewController.swift */ = {isa = PBXFileReference; lastKnownFileType = sourcecode.swift; path = addressInMeViewController.swift; sourceTree = "<group>"; };
		E258AA452881CBA300AC4A72 /* SettingViewController.swift */ = {isa = PBXFileReference; lastKnownFileType = sourcecode.swift; path = SettingViewController.swift; sourceTree = "<group>"; };
		E258AA4A2881D24300AC4A72 /* AddressInMeTableViewCell.swift */ = {isa = PBXFileReference; lastKnownFileType = sourcecode.swift; path = AddressInMeTableViewCell.swift; sourceTree = "<group>"; };
		E26539CE2882334300B2631A /* AddNewAddressViewController.swift */ = {isa = PBXFileReference; lastKnownFileType = sourcecode.swift; path = AddNewAddressViewController.swift; sourceTree = "<group>"; };
		E2748BB82874F6E20001234B /* ProductCVCell.swift */ = {isa = PBXFileReference; lastKnownFileType = sourcecode.swift; path = ProductCVCell.swift; sourceTree = "<group>"; };
		E298F41428771FE3002A3C47 /* Category.swift */ = {isa = PBXFileReference; lastKnownFileType = sourcecode.swift; path = Category.swift; sourceTree = "<group>"; };
		E2AD30D6287A2690002D9CF2 /* CategoryViewModel.swift */ = {isa = PBXFileReference; lastKnownFileType = sourcecode.swift; path = CategoryViewModel.swift; sourceTree = "<group>"; };
		E2AD30D9287A2936002D9CF2 /* CategoryCollectionViewCell.swift */ = {isa = PBXFileReference; lastKnownFileType = sourcecode.swift; path = CategoryCollectionViewCell.swift; sourceTree = "<group>"; };
		E2AD30DB287A34A7002D9CF2 /* Categor.swift */ = {isa = PBXFileReference; lastKnownFileType = sourcecode.swift; path = Categor.swift; sourceTree = "<group>"; };
		E2AD30DD287C504A002D9CF2 /* Product.swift */ = {isa = PBXFileReference; lastKnownFileType = sourcecode.swift; path = Product.swift; sourceTree = "<group>"; };
/* End PBXFileReference section */

/* Begin PBXFrameworksBuildPhase section */
		A66D66AE2873568900C5BDBE /* Frameworks */ = {
			isa = PBXFrameworksBuildPhase;
			buildActionMask = 2147483647;
			files = (
			);
			runOnlyForDeploymentPostprocessing = 0;
		};
		A66D66C72873568A00C5BDBE /* Frameworks */ = {
			isa = PBXFrameworksBuildPhase;
			buildActionMask = 2147483647;
			files = (
			);
			runOnlyForDeploymentPostprocessing = 0;
		};
		A66D66D12873568A00C5BDBE /* Frameworks */ = {
			isa = PBXFrameworksBuildPhase;
			buildActionMask = 2147483647;
			files = (
			);
			runOnlyForDeploymentPostprocessing = 0;
		};
/* End PBXFrameworksBuildPhase section */

/* Begin PBXGroup section */
		A654CA6A287396F8008456FC /* ProductDetailsScene */ = {
			isa = PBXGroup;
			children = (
				A682E119287F4A5B00BD0954 /* ProductDetailsCollectionViewCell */,
				A654CA6B2873970D008456FC /* ViewController */,
				A654CA6C28739717008456FC /* ViewModel */,
			);
			path = ProductDetailsScene;
			sourceTree = "<group>";
		};
		A654CA6B2873970D008456FC /* ViewController */ = {
			isa = PBXGroup;
			children = (
				A654CA6D2873974B008456FC /* ProductDetailsViewController.swift */,
			);
			path = ViewController;
			sourceTree = "<group>";
		};
		A654CA6C28739717008456FC /* ViewModel */ = {
			isa = PBXGroup;
			children = (
			);
			path = ViewModel;
			sourceTree = "<group>";
		};
		A66D66A82873568800C5BDBE = {
			isa = PBXGroup;
			children = (
				A66D66B32873568900C5BDBE /* Shopify */,
				A66D66CD2873568A00C5BDBE /* ShopifyTests */,
				A66D66D72873568A00C5BDBE /* ShopifyUITests */,
				A66D66B22873568900C5BDBE /* Products */,
			);
			sourceTree = "<group>";
		};
		A66D66B22873568900C5BDBE /* Products */ = {
			isa = PBXGroup;
			children = (
				A66D66B12873568900C5BDBE /* Shopify.app */,
				A66D66CA2873568A00C5BDBE /* ShopifyTests.xctest */,
				A66D66D42873568A00C5BDBE /* ShopifyUITests.xctest */,
			);
			name = Products;
			sourceTree = "<group>";
		};
		A66D66B32873568900C5BDBE /* Shopify */ = {
			isa = PBXGroup;
			children = (
				E200C46428830639004923A4 /* Utils */,
				E258A98C288046DB00AC4A72 /* Shopify.entitlements */,
				E258A9CE2880567000AC4A72 /* Shopping Cart  */,
				A66D66E72873597000C5BDBE /* AppDelegate */,
				A682E104287F1A5C00BD0954 /* Helper */,
				A682E0FF287F1A0300BD0954 /* Extentions */,
				E24EF3C828737F2A004DC17F /* NetworkManager */,
				E234B0C32874913F00ABA378 /* Utilites */,
				A66D66F028736A3A00C5BDBE /* Scenes */,
				A66D66EF287369B800C5BDBE /* Storyboards */,
				E24EF3C928737F75004DC17F /* Models */,
				A66D66C02873568A00C5BDBE /* Assets.xcassets */,
				A66D66C52873568A00C5BDBE /* Info.plist */,
				A66D66BD2873568900C5BDBE /* Shopify.xcdatamodeld */,
				A6654A4828838FFA00A6EE40 /* NetworkMonitor.swift */,
			);
			path = Shopify;
			sourceTree = "<group>";
		};
		A66D66CD2873568A00C5BDBE /* ShopifyTests */ = {
			isa = PBXGroup;
			children = (
				A66D66CE2873568A00C5BDBE /* ShopifyTests.swift */,
			);
			path = ShopifyTests;
			sourceTree = "<group>";
		};
		A66D66D72873568A00C5BDBE /* ShopifyUITests */ = {
			isa = PBXGroup;
			children = (
				A66D66D82873568A00C5BDBE /* ShopifyUITests.swift */,
				A66D66DA2873568A00C5BDBE /* ShopifyUITestsLaunchTests.swift */,
			);
			path = ShopifyUITests;
			sourceTree = "<group>";
		};
		A66D66E72873597000C5BDBE /* AppDelegate */ = {
			isa = PBXGroup;
			children = (
				A66D66B42873568900C5BDBE /* AppDelegate.swift */,
				A66D66B62873568900C5BDBE /* SceneDelegate.swift */,
			);
			path = AppDelegate;
			sourceTree = "<group>";
		};
		A66D66EF287369B800C5BDBE /* Storyboards */ = {
			isa = PBXGroup;
			children = (
				A66D66C22873568A00C5BDBE /* LaunchScreen.storyboard */,
				E258AA0F2880A87500AC4A72 /* ShoppingCart.storyboard */,
				A66D66BA2873568900C5BDBE /* Main.storyboard */,
				A654CA6828739693008456FC /* ProductDetails.storyboard */,
				A682E109287F1BA600BD0954 /* Authentication.storyboard */,
			);
			path = Storyboards;
			sourceTree = "<group>";
		};
		A66D66F028736A3A00C5BDBE /* Scenes */ = {
			isa = PBXGroup;
			children = (
				A682E10D287F229900BD0954 /* Authentication */,
				E24EF3F32874A593004DC17F /* Products */,
				E24EF3E12873904C004DC17F /* CategoryScene */,
				E24EF3E228739069004DC17F /* PersonalScene */,
				A66D66F128736A4500C5BDBE /* HomeScene */,
				A654CA6A287396F8008456FC /* ProductDetailsScene */,
			);
			path = Scenes;
			sourceTree = "<group>";
		};
		A66D66F128736A4500C5BDBE /* HomeScene */ = {
			isa = PBXGroup;
			children = (
				E24EF3E328739419004DC17F /* HomeCollectionViewCell */,
				A66D66F228736A5300C5BDBE /* ViewController */,
				A66D66F328736A6100C5BDBE /* ViewModel */,
			);
			path = HomeScene;
			sourceTree = "<group>";
		};
		A66D66F228736A5300C5BDBE /* ViewController */ = {
			isa = PBXGroup;
			children = (
				A66D66B82873568900C5BDBE /* ViewController.swift */,
			);
			path = ViewController;
			sourceTree = "<group>";
		};
		A66D66F328736A6100C5BDBE /* ViewModel */ = {
			isa = PBXGroup;
			children = (
				A66D66F428736AD200C5BDBE /* HomeViewModel.swift */,
			);
			path = ViewModel;
			sourceTree = "<group>";
		};
		A682E0FF287F1A0300BD0954 /* Extentions */ = {
			isa = PBXGroup;
			children = (
				A682E10B287F1D3B00BD0954 /* Image+Ext.swift */,
				A682E100287F1A1C00BD0954 /* Encoding+Ext.swift */,
				A682E102287F1A3400BD0954 /* UIViewController+Ext.swift */,
			);
			path = Extentions;
			sourceTree = "<group>";
		};
		A682E104287F1A5C00BD0954 /* Helper */ = {
			isa = PBXGroup;
			children = (
				A682E105287F1A6500BD0954 /* Helper.swift */,
			);
			path = Helper;
			sourceTree = "<group>";
		};
		A682E10D287F229900BD0954 /* Authentication */ = {
			isa = PBXGroup;
			children = (
				A682E115287F248300BD0954 /* LoginScene */,
				A682E10E287F22B400BD0954 /* RegisterScene */,
			);
			path = Authentication;
			sourceTree = "<group>";
		};
		A682E10E287F22B400BD0954 /* RegisterScene */ = {
			isa = PBXGroup;
			children = (
				E200C47628830916004923A4 /* Model */,
				E200C473288308F6004923A4 /* viewModel */,
				A682E10F287F22CC00BD0954 /* ViewController */,
			);
			path = RegisterScene;
			sourceTree = "<group>";
		};
		A682E10F287F22CC00BD0954 /* ViewController */ = {
			isa = PBXGroup;
			children = (
				E200C471288308F0004923A4 /* SignUpViewController.swift */,
			);
			path = ViewController;
			sourceTree = "<group>";
		};
		A682E115287F248300BD0954 /* LoginScene */ = {
			isa = PBXGroup;
			children = (
				E200C46928830728004923A4 /* ViewModel */,
				A682E116287F249500BD0954 /* ViewController */,
			);
			path = LoginScene;
			sourceTree = "<group>";
		};
		A682E116287F249500BD0954 /* ViewController */ = {
			isa = PBXGroup;
			children = (
				E200C46F288308D2004923A4 /* LoginViewController.swift */,
			);
			path = ViewController;
			sourceTree = "<group>";
		};
		A682E119287F4A5B00BD0954 /* ProductDetailsCollectionViewCell */ = {
			isa = PBXGroup;
			children = (
				A682E11A287F4A9F00BD0954 /* ProductDetailsCollectionViewCell.swift */,
				A682E11B287F4A9F00BD0954 /* ProductDetailsCollectionViewCell.xib */,
			);
			path = ProductDetailsCollectionViewCell;
			sourceTree = "<group>";
		};
		E200C46428830639004923A4 /* Utils */ = {
			isa = PBXGroup;
			children = (
				E200C46528830639004923A4 /* Utils.swift */,
			);
			path = Utils;
			sourceTree = "<group>";
		};
		E200C46928830728004923A4 /* ViewModel */ = {
			isa = PBXGroup;
			children = (
				E200C46A28830728004923A4 /* LoginViewModel.swift */,
			);
			path = ViewModel;
			sourceTree = "<group>";
		};
		E200C473288308F6004923A4 /* viewModel */ = {
			isa = PBXGroup;
			children = (
				E200C47428830905004923A4 /* SignUpViewModel.swift */,
			);
			path = viewModel;
			sourceTree = "<group>";
		};
		E200C47628830916004923A4 /* Model */ = {
			isa = PBXGroup;
			children = (
				E200C47728830916004923A4 /* SignUpModel.swift */,
			);
			path = Model;
			sourceTree = "<group>";
		};
		E200C47B28833F25004923A4 /* favourite */ = {
			isa = PBXGroup;
			children = (
				E200C47C28833F38004923A4 /* view */,
			);
			path = favourite;
			sourceTree = "<group>";
		};
		E200C47C28833F38004923A4 /* view */ = {
			isa = PBXGroup;
			children = (
				E200C47F288341E2004923A4 /* cells */,
				E200C47D28833F65004923A4 /* FavouriteViewController.swift */,
			);
			path = view;
			sourceTree = "<group>";
		};
		E200C47F288341E2004923A4 /* cells */ = {
			isa = PBXGroup;
			children = (
				E200C48028834200004923A4 /* FvTableViewCell.swift */,
			);
			path = cells;
			sourceTree = "<group>";
		};
		E234B0C32874913F00ABA378 /* Utilites */ = {
			isa = PBXGroup;
			children = (
				E234B0C42874915900ABA378 /* DBmanger.swift */,
			);
			path = Utilites;
			sourceTree = "<group>";
		};
		E24EF3C828737F2A004DC17F /* NetworkManager */ = {
			isa = PBXGroup;
			children = (
				E24EF3DF287387EE004DC17F /* NetworkManager.swift */,
				E24EF3D62873877F004DC17F /* ApiServices */,
			);
			path = NetworkManager;
			sourceTree = "<group>";
		};
		E24EF3C928737F75004DC17F /* Models */ = {
			isa = PBXGroup;
			children = (
				E24EF3D42873875C004DC17F /* Brands.swift */,
				E24EF3FA2874A64D004DC17F /* Products.swift */,
				E298F41428771FE3002A3C47 /* Category.swift */,
				E2AD30DB287A34A7002D9CF2 /* Categor.swift */,
				E2AD30DD287C504A002D9CF2 /* Product.swift */,
				A682E107287F1B3100BD0954 /* Customer.swift */,
			);
			path = Models;
			sourceTree = "<group>";
		};
		E24EF3D62873877F004DC17F /* ApiServices */ = {
			isa = PBXGroup;
			children = (
				E24EF3DB287387CB004DC17F /* Urls.swift */,
				E24EF3D9287387C0004DC17F /* JsonDecoder.swift */,
				E24EF3DD287387DA004DC17F /* ApiServices.swift */,
				E200C46728830691004923A4 /* HTTPMeyhod.swift */,
			);
			path = ApiServices;
			sourceTree = "<group>";
		};
		E24EF3E12873904C004DC17F /* CategoryScene */ = {
			isa = PBXGroup;
			children = (
				E2AD30D8287A2910002D9CF2 /* CategoryCollectionViewCell */,
				E2AD30D5287A2676002D9CF2 /* ViewModel */,
				E24EF3E528739480004DC17F /* ViewController */,
			);
			path = CategoryScene;
			sourceTree = "<group>";
		};
		E24EF3E228739069004DC17F /* PersonalScene */ = {
			isa = PBXGroup;
			children = (
				E24EF3E7287394CA004DC17F /* ViewModel */,
				E24EF3E6287394BD004DC17F /* ViewController */,
			);
			path = PersonalScene;
			sourceTree = "<group>";
		};
		E24EF3E328739419004DC17F /* HomeCollectionViewCell */ = {
			isa = PBXGroup;
			children = (
				E24EF3D128738445004DC17F /* BrandCollectionViewCell.swift */,
			);
			path = HomeCollectionViewCell;
			sourceTree = "<group>";
		};
		E24EF3E528739480004DC17F /* ViewController */ = {
			isa = PBXGroup;
			children = (
				E24EF3CD28738314004DC17F /* CategoryViewController.swift */,
			);
			path = ViewController;
			sourceTree = "<group>";
		};
		E24EF3E6287394BD004DC17F /* ViewController */ = {
			isa = PBXGroup;
			children = (
				E24EF3CF2873834F004DC17F /* PersonalViewController.swift */,
			);
			path = ViewController;
			sourceTree = "<group>";
		};
		E24EF3E7287394CA004DC17F /* ViewModel */ = {
			isa = PBXGroup;
			children = (
			);
			path = ViewModel;
			sourceTree = "<group>";
		};
		E24EF3F32874A593004DC17F /* Products */ = {
			isa = PBXGroup;
			children = (
				E2748BB72874F6A40001234B /* ProductCollectionViewCell */,
				E24EF3F52874A5B9004DC17F /* ViewModel */,
				E24EF3F42874A5A0004DC17F /* ViewController */,
			);
			path = Products;
			sourceTree = "<group>";
		};
		E24EF3F42874A5A0004DC17F /* ViewController */ = {
			isa = PBXGroup;
			children = (
				E24EF3F62874A5D6004DC17F /* ProductViewController.swift */,
			);
			path = ViewController;
			sourceTree = "<group>";
		};
		E24EF3F52874A5B9004DC17F /* ViewModel */ = {
			isa = PBXGroup;
			children = (
				E24EF3F82874A5EA004DC17F /* ProductViewModel.swift */,
			);
			path = ViewModel;
			sourceTree = "<group>";
		};
		E258A9CE2880567000AC4A72 /* Shopping Cart  */ = {
			isa = PBXGroup;
			children = (
				E200C47B28833F25004923A4 /* favourite */,
				E26539CC2882331000B2631A /* AddNewAddress */,
				E258AA432881CB8B00AC4A72 /* Setting */,
				E258AA3D2881C96600AC4A72 /* Address In Order */,
				E258AA3428819DDE00AC4A72 /* Order */,
				E258AA302881935B00AC4A72 /* Orders */,
				E258AA25288184FA00AC4A72 /* me */,
				E258A9CF2880567000AC4A72 /* Payment Options */,
				E258A9D62880567000AC4A72 /* Finish Order */,
				E258A9E32880567000AC4A72 /* Shopping Cart */,
				E258A9EC2880567000AC4A72 /* Choose Address */,
			);
			path = "Shopping Cart ";
			sourceTree = "<group>";
		};
		E258A9CF2880567000AC4A72 /* Payment Options */ = {
			isa = PBXGroup;
			children = (
				E258A9D12880567000AC4A72 /* View */,
			);
			path = "Payment Options";
			sourceTree = "<group>";
		};
		E258A9D12880567000AC4A72 /* View */ = {
			isa = PBXGroup;
			children = (
				E258A9D22880567000AC4A72 /* cell */,
				E258A9D42880567000AC4A72 /* PaymentOptionsViewController.swift */,
			);
			path = View;
			sourceTree = "<group>";
		};
		E258A9D22880567000AC4A72 /* cell */ = {
			isa = PBXGroup;
			children = (
				E258A9D32880567000AC4A72 /* PaymentOptionsTableViewCell.swift */,
			);
			path = cell;
			sourceTree = "<group>";
		};
		E258A9D62880567000AC4A72 /* Finish Order */ = {
			isa = PBXGroup;
			children = (
				E258A9D72880567000AC4A72 /* FinishOrderViewModel */,
				E258A9D92880567000AC4A72 /* Network Manger */,
				E258A9DB2880567000AC4A72 /* Model */,
				E258A9DD2880567000AC4A72 /* View */,
				E258A9DF2880567000AC4A72 /* Api Services */,
				E258A9E12880567000AC4A72 /* urlsOfFinish */,
			);
			path = "Finish Order";
			sourceTree = "<group>";
		};
		E258A9D72880567000AC4A72 /* FinishOrderViewModel */ = {
			isa = PBXGroup;
			children = (
				E258A9D82880567000AC4A72 /* FinishOrderViewModel.swift */,
			);
			path = FinishOrderViewModel;
			sourceTree = "<group>";
		};
		E258A9D92880567000AC4A72 /* Network Manger */ = {
			isa = PBXGroup;
			children = (
				E258A9DA2880567000AC4A72 /* NetworkMangerDiscount.swift */,
			);
			path = "Network Manger";
			sourceTree = "<group>";
		};
		E258A9DB2880567000AC4A72 /* Model */ = {
			isa = PBXGroup;
			children = (
				E258A9DC2880567000AC4A72 /* DiscountCode.swift */,
			);
			path = Model;
			sourceTree = "<group>";
		};
		E258A9DD2880567000AC4A72 /* View */ = {
			isa = PBXGroup;
			children = (
				E258A9DE2880567000AC4A72 /* FinishOrderViewController.swift */,
			);
			path = View;
			sourceTree = "<group>";
		};
		E258A9DF2880567000AC4A72 /* Api Services */ = {
			isa = PBXGroup;
			children = (
				E258A9E02880567000AC4A72 /* ApiServiceDiscount.swift */,
			);
			path = "Api Services";
			sourceTree = "<group>";
		};
		E258A9E12880567000AC4A72 /* urlsOfFinish */ = {
			isa = PBXGroup;
			children = (
				E258A9E22880567000AC4A72 /* UrlsFinish.swift */,
			);
			path = urlsOfFinish;
			sourceTree = "<group>";
		};
		E258A9E32880567000AC4A72 /* Shopping Cart */ = {
			isa = PBXGroup;
			children = (
				E258A9E42880567000AC4A72 /* testViewController.swift */,
				E258A9E62880567000AC4A72 /* View */,
			);
			path = "Shopping Cart";
			sourceTree = "<group>";
		};
		E258A9E62880567000AC4A72 /* View */ = {
			isa = PBXGroup;
			children = (
				E258A9E72880567000AC4A72 /* Cells */,
				E258A9EA2880567000AC4A72 /* ShoppingCartViewController.swift */,
			);
			path = View;
			sourceTree = "<group>";
		};
		E258A9E72880567000AC4A72 /* Cells */ = {
			isa = PBXGroup;
			children = (
				E258A9E82880567000AC4A72 /* ShoppingCartTableViewCell.xib */,
				E258A9E92880567000AC4A72 /* ShoppingCartTableViewCell.swift */,
			);
			path = Cells;
			sourceTree = "<group>";
		};
		E258A9EC2880567000AC4A72 /* Choose Address */ = {
			isa = PBXGroup;
			children = (
				E258A9ED2880567000AC4A72 /* ChooseAddressViewMOdel  */,
				E258A9EF2880567000AC4A72 /* networkManger */,
				E258A9F12880567000AC4A72 /* Model */,
				E258A9F32880567000AC4A72 /* View */,
				E258A9F82880567000AC4A72 /* api services */,
				E258A9FA2880567000AC4A72 /* urls.swift */,
			);
			path = "Choose Address";
			sourceTree = "<group>";
		};
		E258A9ED2880567000AC4A72 /* ChooseAddressViewMOdel  */ = {
			isa = PBXGroup;
			children = (
				E258A9EE2880567000AC4A72 /* ChooseAddressViewModel.swift */,
			);
			path = "ChooseAddressViewMOdel ";
			sourceTree = "<group>";
		};
		E258A9EF2880567000AC4A72 /* networkManger */ = {
			isa = PBXGroup;
			children = (
				E258A9F02880567000AC4A72 /* NetworkmangerChooseAddress.swift */,
			);
			path = networkManger;
			sourceTree = "<group>";
		};
		E258A9F12880567000AC4A72 /* Model */ = {
			isa = PBXGroup;
			children = (
				E258A9F22880567000AC4A72 /* Address.swift */,
			);
			path = Model;
			sourceTree = "<group>";
		};
		E258A9F32880567000AC4A72 /* View */ = {
			isa = PBXGroup;
			children = (
				E258A9F42880567000AC4A72 /* Cells */,
				E258A9F72880567000AC4A72 /* ChooseAddressViewController.swift */,
			);
			path = View;
			sourceTree = "<group>";
		};
		E258A9F42880567000AC4A72 /* Cells */ = {
			isa = PBXGroup;
			children = (
				E258A9F52880567000AC4A72 /* ChooseAddressTableViewCell.xib */,
				E258A9F62880567000AC4A72 /* ChooseAddressTableViewCell.swift */,
			);
			path = Cells;
			sourceTree = "<group>";
		};
		E258A9F82880567000AC4A72 /* api services */ = {
			isa = PBXGroup;
			children = (
				E258A9F92880567000AC4A72 /* ApiServiceChooseAddress.swift */,
			);
			path = "api services";
			sourceTree = "<group>";
		};
		E258AA25288184FA00AC4A72 /* me */ = {
			isa = PBXGroup;
			children = (
				E258AA262881851900AC4A72 /* view */,
			);
			path = me;
			sourceTree = "<group>";
		};
		E258AA262881851900AC4A72 /* view */ = {
			isa = PBXGroup;
			children = (
				E200C47928830E7F004923A4 /* GuestProfileViewController.swift */,
				E258AA292881857D00AC4A72 /* cells */,
				E258AA272881852D00AC4A72 /* MeViewController.swift */,
			);
			path = view;
			sourceTree = "<group>";
		};
		E258AA292881857D00AC4A72 /* cells */ = {
			isa = PBXGroup;
			children = (
				E258AA2C288185AC00AC4A72 /* OrderTableViewCell.swift */,
				E258AA2D288185AC00AC4A72 /* OrderTableViewCell.xib */,
			);
			path = cells;
			sourceTree = "<group>";
		};
		E258AA302881935B00AC4A72 /* Orders */ = {
			isa = PBXGroup;
			children = (
				E258AA312881936E00AC4A72 /* View */,
			);
			path = Orders;
			sourceTree = "<group>";
		};
		E258AA312881936E00AC4A72 /* View */ = {
			isa = PBXGroup;
			children = (
				E258AA322881938A00AC4A72 /* MyOrdersViewController.swift */,
			);
			path = View;
			sourceTree = "<group>";
		};
		E258AA3428819DDE00AC4A72 /* Order */ = {
			isa = PBXGroup;
			children = (
				E258AA3528819DE600AC4A72 /* View */,
			);
			path = Order;
			sourceTree = "<group>";
		};
		E258AA3528819DE600AC4A72 /* View */ = {
			isa = PBXGroup;
			children = (
				E258AA3828819DFC00AC4A72 /* Cells */,
				E258AA3628819DF500AC4A72 /* OrderViewController.swift */,
			);
			path = View;
			sourceTree = "<group>";
		};
		E258AA3828819DFC00AC4A72 /* Cells */ = {
			isa = PBXGroup;
			children = (
				E258AA3928819E2300AC4A72 /* itemInOrderTableViewCell.swift */,
				E258AA3A28819E2300AC4A72 /* itemInOrderTableViewCell.xib */,
			);
			path = Cells;
			sourceTree = "<group>";
		};
		E258AA3D2881C96600AC4A72 /* Address In Order */ = {
			isa = PBXGroup;
			children = (
				E258AA3E2881C97100AC4A72 /* View */,
			);
			path = "Address In Order";
			sourceTree = "<group>";
		};
		E258AA3E2881C97100AC4A72 /* View */ = {
			isa = PBXGroup;
			children = (
				E258AA492881D22800AC4A72 /* cells */,
				E258AA412881CA8B00AC4A72 /* addressInMeViewController.swift */,
			);
			path = View;
			sourceTree = "<group>";
		};
		E258AA432881CB8B00AC4A72 /* Setting */ = {
			isa = PBXGroup;
			children = (
				E258AA442881CB9300AC4A72 /* View */,
			);
			path = Setting;
			sourceTree = "<group>";
		};
		E258AA442881CB9300AC4A72 /* View */ = {
			isa = PBXGroup;
			children = (
				E258AA452881CBA300AC4A72 /* SettingViewController.swift */,
			);
			path = View;
			sourceTree = "<group>";
		};
		E258AA492881D22800AC4A72 /* cells */ = {
			isa = PBXGroup;
			children = (
				E258AA4A2881D24300AC4A72 /* AddressInMeTableViewCell.swift */,
			);
			path = cells;
			sourceTree = "<group>";
		};
		E26539C928822DE800B2631A /* url */ = {
			isa = PBXGroup;
			children = (
			);
			path = url;
			sourceTree = "<group>";
		};
		E26539CA28822DF300B2631A /* apiService */ = {
			isa = PBXGroup;
			children = (
			);
			path = apiService;
			sourceTree = "<group>";
		};
		E26539CB28822DFE00B2631A /* networking */ = {
			isa = PBXGroup;
			children = (
			);
			path = networking;
			sourceTree = "<group>";
		};
		E26539CC2882331000B2631A /* AddNewAddress */ = {
			isa = PBXGroup;
			children = (
				E26539D52882391500B2631A /* Model */,
				E26539D22882355200B2631A /* Helper */,
				E26539CB28822DFE00B2631A /* networking */,
				E26539CA28822DF300B2631A /* apiService */,
				E26539C928822DE800B2631A /* url */,
				E26539CD2882331C00B2631A /* View */,
			);
			path = AddNewAddress;
			sourceTree = "<group>";
		};
		E26539CD2882331C00B2631A /* View */ = {
			isa = PBXGroup;
			children = (
				E26539CE2882334300B2631A /* AddNewAddressViewController.swift */,
			);
			path = View;
			sourceTree = "<group>";
		};
		E26539D22882355200B2631A /* Helper */ = {
			isa = PBXGroup;
			children = (
			);
			path = Helper;
			sourceTree = "<group>";
		};
		E26539D52882391500B2631A /* Model */ = {
			isa = PBXGroup;
			children = (
			);
			path = Model;
			sourceTree = "<group>";
		};
		E2748BB72874F6A40001234B /* ProductCollectionViewCell */ = {
			isa = PBXGroup;
			children = (
				E2748BB82874F6E20001234B /* ProductCVCell.swift */,
			);
			path = ProductCollectionViewCell;
			sourceTree = "<group>";
		};
		E2AD30D5287A2676002D9CF2 /* ViewModel */ = {
			isa = PBXGroup;
			children = (
				E2AD30D6287A2690002D9CF2 /* CategoryViewModel.swift */,
			);
			path = ViewModel;
			sourceTree = "<group>";
		};
		E2AD30D8287A2910002D9CF2 /* CategoryCollectionViewCell */ = {
			isa = PBXGroup;
			children = (
				E2AD30D9287A2936002D9CF2 /* CategoryCollectionViewCell.swift */,
			);
			path = CategoryCollectionViewCell;
			sourceTree = "<group>";
		};
/* End PBXGroup section */

/* Begin PBXNativeTarget section */
		A66D66B02873568900C5BDBE /* Shopify */ = {
			isa = PBXNativeTarget;
			buildConfigurationList = A66D66DE2873568A00C5BDBE /* Build configuration list for PBXNativeTarget "Shopify" */;
			buildPhases = (
				A66D66AD2873568900C5BDBE /* Sources */,
				A66D66AE2873568900C5BDBE /* Frameworks */,
				A66D66AF2873568900C5BDBE /* Resources */,
			);
			buildRules = (
			);
			dependencies = (
			);
			name = Shopify;
			productName = Shopify;
			productReference = A66D66B12873568900C5BDBE /* Shopify.app */;
			productType = "com.apple.product-type.application";
		};
		A66D66C92873568A00C5BDBE /* ShopifyTests */ = {
			isa = PBXNativeTarget;
			buildConfigurationList = A66D66E12873568A00C5BDBE /* Build configuration list for PBXNativeTarget "ShopifyTests" */;
			buildPhases = (
				A66D66C62873568A00C5BDBE /* Sources */,
				A66D66C72873568A00C5BDBE /* Frameworks */,
				A66D66C82873568A00C5BDBE /* Resources */,
			);
			buildRules = (
			);
			dependencies = (
				A66D66CC2873568A00C5BDBE /* PBXTargetDependency */,
			);
			name = ShopifyTests;
			productName = ShopifyTests;
			productReference = A66D66CA2873568A00C5BDBE /* ShopifyTests.xctest */;
			productType = "com.apple.product-type.bundle.unit-test";
		};
		A66D66D32873568A00C5BDBE /* ShopifyUITests */ = {
			isa = PBXNativeTarget;
			buildConfigurationList = A66D66E42873568A00C5BDBE /* Build configuration list for PBXNativeTarget "ShopifyUITests" */;
			buildPhases = (
				A66D66D02873568A00C5BDBE /* Sources */,
				A66D66D12873568A00C5BDBE /* Frameworks */,
				A66D66D22873568A00C5BDBE /* Resources */,
			);
			buildRules = (
			);
			dependencies = (
				A66D66D62873568A00C5BDBE /* PBXTargetDependency */,
			);
			name = ShopifyUITests;
			productName = ShopifyUITests;
			productReference = A66D66D42873568A00C5BDBE /* ShopifyUITests.xctest */;
			productType = "com.apple.product-type.bundle.ui-testing";
		};
/* End PBXNativeTarget section */

/* Begin PBXProject section */
		A66D66A92873568800C5BDBE /* Project object */ = {
			isa = PBXProject;
			attributes = {
				BuildIndependentTargetsInParallel = 1;
				LastSwiftUpdateCheck = 1340;
				LastUpgradeCheck = 1340;
				TargetAttributes = {
					A66D66B02873568900C5BDBE = {
						CreatedOnToolsVersion = 13.4.1;
					};
					A66D66C92873568A00C5BDBE = {
						CreatedOnToolsVersion = 13.4.1;
						TestTargetID = A66D66B02873568900C5BDBE;
					};
					A66D66D32873568A00C5BDBE = {
						CreatedOnToolsVersion = 13.4.1;
						TestTargetID = A66D66B02873568900C5BDBE;
					};
				};
			};
			buildConfigurationList = A66D66AC2873568800C5BDBE /* Build configuration list for PBXProject "Shopify" */;
			compatibilityVersion = "Xcode 13.0";
			developmentRegion = en;
			hasScannedForEncodings = 0;
			knownRegions = (
				en,
				Base,
			);
			mainGroup = A66D66A82873568800C5BDBE;
			productRefGroup = A66D66B22873568900C5BDBE /* Products */;
			projectDirPath = "";
			projectRoot = "";
			targets = (
				A66D66B02873568900C5BDBE /* Shopify */,
				A66D66C92873568A00C5BDBE /* ShopifyTests */,
				A66D66D32873568A00C5BDBE /* ShopifyUITests */,
			);
		};
/* End PBXProject section */

/* Begin PBXResourcesBuildPhase section */
		A66D66AF2873568900C5BDBE /* Resources */ = {
			isa = PBXResourcesBuildPhase;
			buildActionMask = 2147483647;
			files = (
				A682E10A287F1BA600BD0954 /* Authentication.storyboard in Resources */,
				A66D66C42873568A00C5BDBE /* LaunchScreen.storyboard in Resources */,
				E258AA042880567000AC4A72 /* ShoppingCartTableViewCell.xib in Resources */,
				A66D66C12873568A00C5BDBE /* Assets.xcassets in Resources */,
				E258AA3C28819E2300AC4A72 /* itemInOrderTableViewCell.xib in Resources */,
				E258AA102880A87500AC4A72 /* ShoppingCart.storyboard in Resources */,
				A66D66BC2873568900C5BDBE /* Main.storyboard in Resources */,
				E258AA2F288185AC00AC4A72 /* OrderTableViewCell.xib in Resources */,
				E258AA0A2880567000AC4A72 /* ChooseAddressTableViewCell.xib in Resources */,
				A682E11D287F4A9F00BD0954 /* ProductDetailsCollectionViewCell.xib in Resources */,
				A654CA6928739693008456FC /* ProductDetails.storyboard in Resources */,
			);
			runOnlyForDeploymentPostprocessing = 0;
		};
		A66D66C82873568A00C5BDBE /* Resources */ = {
			isa = PBXResourcesBuildPhase;
			buildActionMask = 2147483647;
			files = (
			);
			runOnlyForDeploymentPostprocessing = 0;
		};
		A66D66D22873568A00C5BDBE /* Resources */ = {
			isa = PBXResourcesBuildPhase;
			buildActionMask = 2147483647;
			files = (
			);
			runOnlyForDeploymentPostprocessing = 0;
		};
/* End PBXResourcesBuildPhase section */

/* Begin PBXSourcesBuildPhase section */
		A66D66AD2873568900C5BDBE /* Sources */ = {
			isa = PBXSourcesBuildPhase;
			buildActionMask = 2147483647;
			files = (
				E200C470288308D2004923A4 /* LoginViewController.swift in Sources */,
				E258AA332881938A00AC4A72 /* MyOrdersViewController.swift in Sources */,
				E258AA092880567000AC4A72 /* Address.swift in Sources */,
				E258A9FC2880567000AC4A72 /* PaymentOptionsViewController.swift in Sources */,
				E24EF3F92874A5EA004DC17F /* ProductViewModel.swift in Sources */,
				A682E101287F1A1C00BD0954 /* Encoding+Ext.swift in Sources */,
				E258AA3B28819E2300AC4A72 /* itemInOrderTableViewCell.swift in Sources */,
				A682E103287F1A3400BD0954 /* UIViewController+Ext.swift in Sources */,
				E258AA0E2880567000AC4A72 /* urls.swift in Sources */,
				A682E11C287F4A9F00BD0954 /* ProductDetailsCollectionViewCell.swift in Sources */,
				E258AA422881CA8B00AC4A72 /* addressInMeViewController.swift in Sources */,
				E258AA012880567000AC4A72 /* ApiServiceDiscount.swift in Sources */,
				A66D66B92873568900C5BDBE /* ViewController.swift in Sources */,
				E258AA0B2880567000AC4A72 /* ChooseAddressTableViewCell.swift in Sources */,
				E200C472288308F0004923A4 /* SignUpViewController.swift in Sources */,
				E24EF3D52873875C004DC17F /* Brands.swift in Sources */,
				A66D66B52873568900C5BDBE /* AppDelegate.swift in Sources */,
				E200C47528830905004923A4 /* SignUpViewModel.swift in Sources */,
				E24EF3E0287387EE004DC17F /* NetworkManager.swift in Sources */,
				E258AA052880567000AC4A72 /* ShoppingCartTableViewCell.swift in Sources */,
				A66D66BF2873568900C5BDBE /* Shopify.xcdatamodeld in Sources */,
				A66D66F528736AD200C5BDBE /* HomeViewModel.swift in Sources */,
				E258AA2E288185AC00AC4A72 /* OrderTableViewCell.swift in Sources */,
				E258AA002880567000AC4A72 /* FinishOrderViewController.swift in Sources */,
				E258AA0C2880567000AC4A72 /* ChooseAddressViewController.swift in Sources */,
				A6654A4928838FFA00A6EE40 /* NetworkMonitor.swift in Sources */,
				E24EF3CE28738314004DC17F /* CategoryViewController.swift in Sources */,
				E200C47A28830E7F004923A4 /* GuestProfileViewController.swift in Sources */,
				A682E108287F1B3100BD0954 /* Customer.swift in Sources */,
				A682E106287F1A6500BD0954 /* Helper.swift in Sources */,
				E298F41528771FE4002A3C47 /* Category.swift in Sources */,
				E258AA4B2881D24300AC4A72 /* AddressInMeTableViewCell.swift in Sources */,
				E258AA062880567000AC4A72 /* ShoppingCartViewController.swift in Sources */,
				E258AA462881CBA300AC4A72 /* SettingViewController.swift in Sources */,
				A654CA6E2873974B008456FC /* ProductDetailsViewController.swift in Sources */,
				E258AA282881852D00AC4A72 /* MeViewController.swift in Sources */,
				E24EF3DE287387DA004DC17F /* ApiServices.swift in Sources */,
				E2AD30DA287A2936002D9CF2 /* CategoryCollectionViewCell.swift in Sources */,
				E258AA3728819DF500AC4A72 /* OrderViewController.swift in Sources */,
				E258AA082880567000AC4A72 /* NetworkmangerChooseAddress.swift in Sources */,
				E2AD30DC287A34A7002D9CF2 /* Categor.swift in Sources */,
				E24EF3DA287387C0004DC17F /* JsonDecoder.swift in Sources */,
				E234B0C52874915900ABA378 /* DBmanger.swift in Sources */,
				E2AD30DE287C504A002D9CF2 /* Product.swift in Sources */,
				A66D66B72873568900C5BDBE /* SceneDelegate.swift in Sources */,
				E24EF3F72874A5D6004DC17F /* ProductViewController.swift in Sources */,
				E258AA0D2880567000AC4A72 /* ApiServiceChooseAddress.swift in Sources */,
				E200C47E28833F65004923A4 /* FavouriteViewController.swift in Sources */,
				E24EF3DC287387CB004DC17F /* Urls.swift in Sources */,
				E200C48128834200004923A4 /* FvTableViewCell.swift in Sources */,
				E200C46828830691004923A4 /* HTTPMeyhod.swift in Sources */,
				E24EF3D228738445004DC17F /* BrandCollectionViewCell.swift in Sources */,
				E258AA032880567000AC4A72 /* testViewController.swift in Sources */,
				E258A9FE2880567000AC4A72 /* NetworkMangerDiscount.swift in Sources */,
				E258A9FB2880567000AC4A72 /* PaymentOptionsTableViewCell.swift in Sources */,
				E258A9FF2880567000AC4A72 /* DiscountCode.swift in Sources */,
				E258A9FD2880567000AC4A72 /* FinishOrderViewModel.swift in Sources */,
				E258AA072880567000AC4A72 /* ChooseAddressViewModel.swift in Sources */,
				E24EF3D02873834F004DC17F /* PersonalViewController.swift in Sources */,
				E24EF3FB2874A64D004DC17F /* Products.swift in Sources */,
				E200C47828830916004923A4 /* SignUpModel.swift in Sources */,
				E200C46628830639004923A4 /* Utils.swift in Sources */,
				A682E10C287F1D3B00BD0954 /* Image+Ext.swift in Sources */,
				E26539CF2882334300B2631A /* AddNewAddressViewController.swift in Sources */,
				E2AD30D7287A2690002D9CF2 /* CategoryViewModel.swift in Sources */,
				E2748BB92874F6E20001234B /* ProductCVCell.swift in Sources */,
				E258AA022880567000AC4A72 /* UrlsFinish.swift in Sources */,
				E200C46B28830728004923A4 /* LoginViewModel.swift in Sources */,
			);
			runOnlyForDeploymentPostprocessing = 0;
		};
		A66D66C62873568A00C5BDBE /* Sources */ = {
			isa = PBXSourcesBuildPhase;
			buildActionMask = 2147483647;
			files = (
				A66D66CF2873568A00C5BDBE /* ShopifyTests.swift in Sources */,
			);
			runOnlyForDeploymentPostprocessing = 0;
		};
		A66D66D02873568A00C5BDBE /* Sources */ = {
			isa = PBXSourcesBuildPhase;
			buildActionMask = 2147483647;
			files = (
				A66D66D92873568A00C5BDBE /* ShopifyUITests.swift in Sources */,
				A66D66DB2873568A00C5BDBE /* ShopifyUITestsLaunchTests.swift in Sources */,
			);
			runOnlyForDeploymentPostprocessing = 0;
		};
/* End PBXSourcesBuildPhase section */

/* Begin PBXTargetDependency section */
		A66D66CC2873568A00C5BDBE /* PBXTargetDependency */ = {
			isa = PBXTargetDependency;
			target = A66D66B02873568900C5BDBE /* Shopify */;
			targetProxy = A66D66CB2873568A00C5BDBE /* PBXContainerItemProxy */;
		};
		A66D66D62873568A00C5BDBE /* PBXTargetDependency */ = {
			isa = PBXTargetDependency;
			target = A66D66B02873568900C5BDBE /* Shopify */;
			targetProxy = A66D66D52873568A00C5BDBE /* PBXContainerItemProxy */;
		};
/* End PBXTargetDependency section */

/* Begin PBXVariantGroup section */
		A66D66BA2873568900C5BDBE /* Main.storyboard */ = {
			isa = PBXVariantGroup;
			children = (
				A66D66BB2873568900C5BDBE /* Base */,
			);
			name = Main.storyboard;
			sourceTree = "<group>";
		};
		A66D66C22873568A00C5BDBE /* LaunchScreen.storyboard */ = {
			isa = PBXVariantGroup;
			children = (
				A66D66C32873568A00C5BDBE /* Base */,
			);
			name = LaunchScreen.storyboard;
			sourceTree = "<group>";
		};
/* End PBXVariantGroup section */

/* Begin XCBuildConfiguration section */
		A66D66DC2873568A00C5BDBE /* Debug */ = {
			isa = XCBuildConfiguration;
			buildSettings = {
				ALWAYS_SEARCH_USER_PATHS = NO;
				CLANG_ANALYZER_NONNULL = YES;
				CLANG_ANALYZER_NUMBER_OBJECT_CONVERSION = YES_AGGRESSIVE;
				CLANG_CXX_LANGUAGE_STANDARD = "gnu++17";
				CLANG_ENABLE_MODULES = YES;
				CLANG_ENABLE_OBJC_ARC = YES;
				CLANG_ENABLE_OBJC_WEAK = YES;
				CLANG_WARN_BLOCK_CAPTURE_AUTORELEASING = YES;
				CLANG_WARN_BOOL_CONVERSION = YES;
				CLANG_WARN_COMMA = YES;
				CLANG_WARN_CONSTANT_CONVERSION = YES;
				CLANG_WARN_DEPRECATED_OBJC_IMPLEMENTATIONS = YES;
				CLANG_WARN_DIRECT_OBJC_ISA_USAGE = YES_ERROR;
				CLANG_WARN_DOCUMENTATION_COMMENTS = YES;
				CLANG_WARN_EMPTY_BODY = YES;
				CLANG_WARN_ENUM_CONVERSION = YES;
				CLANG_WARN_INFINITE_RECURSION = YES;
				CLANG_WARN_INT_CONVERSION = YES;
				CLANG_WARN_NON_LITERAL_NULL_CONVERSION = YES;
				CLANG_WARN_OBJC_IMPLICIT_RETAIN_SELF = YES;
				CLANG_WARN_OBJC_LITERAL_CONVERSION = YES;
				CLANG_WARN_OBJC_ROOT_CLASS = YES_ERROR;
				CLANG_WARN_QUOTED_INCLUDE_IN_FRAMEWORK_HEADER = YES;
				CLANG_WARN_RANGE_LOOP_ANALYSIS = YES;
				CLANG_WARN_STRICT_PROTOTYPES = YES;
				CLANG_WARN_SUSPICIOUS_MOVE = YES;
				CLANG_WARN_UNGUARDED_AVAILABILITY = YES_AGGRESSIVE;
				CLANG_WARN_UNREACHABLE_CODE = YES;
				CLANG_WARN__DUPLICATE_METHOD_MATCH = YES;
				COPY_PHASE_STRIP = NO;
				DEBUG_INFORMATION_FORMAT = dwarf;
				ENABLE_STRICT_OBJC_MSGSEND = YES;
				ENABLE_TESTABILITY = YES;
				GCC_C_LANGUAGE_STANDARD = gnu11;
				GCC_DYNAMIC_NO_PIC = NO;
				GCC_NO_COMMON_BLOCKS = YES;
				GCC_OPTIMIZATION_LEVEL = 0;
				GCC_PREPROCESSOR_DEFINITIONS = (
					"DEBUG=1",
					"$(inherited)",
				);
				GCC_WARN_64_TO_32_BIT_CONVERSION = YES;
				GCC_WARN_ABOUT_RETURN_TYPE = YES_ERROR;
				GCC_WARN_UNDECLARED_SELECTOR = YES;
				GCC_WARN_UNINITIALIZED_AUTOS = YES_AGGRESSIVE;
				GCC_WARN_UNUSED_FUNCTION = YES;
				GCC_WARN_UNUSED_VARIABLE = YES;
				IPHONEOS_DEPLOYMENT_TARGET = 15.5;
				MTL_ENABLE_DEBUG_INFO = INCLUDE_SOURCE;
				MTL_FAST_MATH = YES;
				ONLY_ACTIVE_ARCH = YES;
				SDKROOT = iphoneos;
				SWIFT_ACTIVE_COMPILATION_CONDITIONS = DEBUG;
				SWIFT_OPTIMIZATION_LEVEL = "-Onone";
			};
			name = Debug;
		};
		A66D66DD2873568A00C5BDBE /* Release */ = {
			isa = XCBuildConfiguration;
			buildSettings = {
				ALWAYS_SEARCH_USER_PATHS = NO;
				CLANG_ANALYZER_NONNULL = YES;
				CLANG_ANALYZER_NUMBER_OBJECT_CONVERSION = YES_AGGRESSIVE;
				CLANG_CXX_LANGUAGE_STANDARD = "gnu++17";
				CLANG_ENABLE_MODULES = YES;
				CLANG_ENABLE_OBJC_ARC = YES;
				CLANG_ENABLE_OBJC_WEAK = YES;
				CLANG_WARN_BLOCK_CAPTURE_AUTORELEASING = YES;
				CLANG_WARN_BOOL_CONVERSION = YES;
				CLANG_WARN_COMMA = YES;
				CLANG_WARN_CONSTANT_CONVERSION = YES;
				CLANG_WARN_DEPRECATED_OBJC_IMPLEMENTATIONS = YES;
				CLANG_WARN_DIRECT_OBJC_ISA_USAGE = YES_ERROR;
				CLANG_WARN_DOCUMENTATION_COMMENTS = YES;
				CLANG_WARN_EMPTY_BODY = YES;
				CLANG_WARN_ENUM_CONVERSION = YES;
				CLANG_WARN_INFINITE_RECURSION = YES;
				CLANG_WARN_INT_CONVERSION = YES;
				CLANG_WARN_NON_LITERAL_NULL_CONVERSION = YES;
				CLANG_WARN_OBJC_IMPLICIT_RETAIN_SELF = YES;
				CLANG_WARN_OBJC_LITERAL_CONVERSION = YES;
				CLANG_WARN_OBJC_ROOT_CLASS = YES_ERROR;
				CLANG_WARN_QUOTED_INCLUDE_IN_FRAMEWORK_HEADER = YES;
				CLANG_WARN_RANGE_LOOP_ANALYSIS = YES;
				CLANG_WARN_STRICT_PROTOTYPES = YES;
				CLANG_WARN_SUSPICIOUS_MOVE = YES;
				CLANG_WARN_UNGUARDED_AVAILABILITY = YES_AGGRESSIVE;
				CLANG_WARN_UNREACHABLE_CODE = YES;
				CLANG_WARN__DUPLICATE_METHOD_MATCH = YES;
				COPY_PHASE_STRIP = NO;
				DEBUG_INFORMATION_FORMAT = "dwarf-with-dsym";
				ENABLE_NS_ASSERTIONS = NO;
				ENABLE_STRICT_OBJC_MSGSEND = YES;
				GCC_C_LANGUAGE_STANDARD = gnu11;
				GCC_NO_COMMON_BLOCKS = YES;
				GCC_WARN_64_TO_32_BIT_CONVERSION = YES;
				GCC_WARN_ABOUT_RETURN_TYPE = YES_ERROR;
				GCC_WARN_UNDECLARED_SELECTOR = YES;
				GCC_WARN_UNINITIALIZED_AUTOS = YES_AGGRESSIVE;
				GCC_WARN_UNUSED_FUNCTION = YES;
				GCC_WARN_UNUSED_VARIABLE = YES;
				IPHONEOS_DEPLOYMENT_TARGET = 15.5;
				MTL_ENABLE_DEBUG_INFO = NO;
				MTL_FAST_MATH = YES;
				SDKROOT = iphoneos;
				SWIFT_COMPILATION_MODE = wholemodule;
				SWIFT_OPTIMIZATION_LEVEL = "-O";
				VALIDATE_PRODUCT = YES;
			};
			name = Release;
		};
		A66D66DF2873568A00C5BDBE /* Debug */ = {
			isa = XCBuildConfiguration;
			buildSettings = {
				ASSETCATALOG_COMPILER_APPICON_NAME = AppIcon;
				ASSETCATALOG_COMPILER_GLOBAL_ACCENT_COLOR_NAME = AccentColor;
				CODE_SIGN_STYLE = Automatic;
				CURRENT_PROJECT_VERSION = 1;
				DEVELOPMENT_TEAM = HK3DJJFRK7;
				GENERATE_INFOPLIST_FILE = YES;
				INFOPLIST_FILE = Shopify/Info.plist;
				INFOPLIST_KEY_UIApplicationSupportsIndirectInputEvents = YES;
				INFOPLIST_KEY_UILaunchStoryboardName = LaunchScreen;
				INFOPLIST_KEY_UIMainStoryboardFile = ShoppingCart;
				INFOPLIST_KEY_UISupportedInterfaceOrientations_iPad = "UIInterfaceOrientationPortrait UIInterfaceOrientationPortraitUpsideDown UIInterfaceOrientationLandscapeLeft UIInterfaceOrientationLandscapeRight";
				INFOPLIST_KEY_UISupportedInterfaceOrientations_iPhone = "UIInterfaceOrientationPortrait UIInterfaceOrientationLandscapeLeft UIInterfaceOrientationLandscapeRight";
				LD_RUNPATH_SEARCH_PATHS = (
					"$(inherited)",
					"@executable_path/Frameworks",
				);
				MARKETING_VERSION = 1.0;
				PRODUCT_BUNDLE_IDENTIFIER = mostafa.Shopify;
				PRODUCT_NAME = "$(TARGET_NAME)";
				SWIFT_EMIT_LOC_STRINGS = YES;
				SWIFT_VERSION = 5.0;
				TARGETED_DEVICE_FAMILY = "1,2";
			};
			name = Debug;
		};
		A66D66E02873568A00C5BDBE /* Release */ = {
			isa = XCBuildConfiguration;
			buildSettings = {
				ASSETCATALOG_COMPILER_APPICON_NAME = AppIcon;
				ASSETCATALOG_COMPILER_GLOBAL_ACCENT_COLOR_NAME = AccentColor;
				CODE_SIGN_STYLE = Automatic;
				CURRENT_PROJECT_VERSION = 1;
				DEVELOPMENT_TEAM = HK3DJJFRK7;
				GENERATE_INFOPLIST_FILE = YES;
				INFOPLIST_FILE = Shopify/Info.plist;
				INFOPLIST_KEY_UIApplicationSupportsIndirectInputEvents = YES;
				INFOPLIST_KEY_UILaunchStoryboardName = LaunchScreen;
				INFOPLIST_KEY_UIMainStoryboardFile = ShoppingCart;
				INFOPLIST_KEY_UISupportedInterfaceOrientations_iPad = "UIInterfaceOrientationPortrait UIInterfaceOrientationPortraitUpsideDown UIInterfaceOrientationLandscapeLeft UIInterfaceOrientationLandscapeRight";
				INFOPLIST_KEY_UISupportedInterfaceOrientations_iPhone = "UIInterfaceOrientationPortrait UIInterfaceOrientationLandscapeLeft UIInterfaceOrientationLandscapeRight";
				LD_RUNPATH_SEARCH_PATHS = (
					"$(inherited)",
					"@executable_path/Frameworks",
				);
				MARKETING_VERSION = 1.0;
				PRODUCT_BUNDLE_IDENTIFIER = mostafa.Shopify;
				PRODUCT_NAME = "$(TARGET_NAME)";
				SWIFT_EMIT_LOC_STRINGS = YES;
				SWIFT_VERSION = 5.0;
				TARGETED_DEVICE_FAMILY = "1,2";
			};
			name = Release;
		};
		A66D66E22873568A00C5BDBE /* Debug */ = {
			isa = XCBuildConfiguration;
			buildSettings = {
				ALWAYS_EMBED_SWIFT_STANDARD_LIBRARIES = YES;
				BUNDLE_LOADER = "$(TEST_HOST)";
				CODE_SIGN_STYLE = Automatic;
				CURRENT_PROJECT_VERSION = 1;
				DEVELOPMENT_TEAM = HK3DJJFRK7;
				GENERATE_INFOPLIST_FILE = YES;
				IPHONEOS_DEPLOYMENT_TARGET = 15.5;
				MARKETING_VERSION = 1.0;
				PRODUCT_BUNDLE_IDENTIFIER = mostafa.ShopifyTests;
				PRODUCT_NAME = "$(TARGET_NAME)";
				SWIFT_EMIT_LOC_STRINGS = NO;
				SWIFT_VERSION = 5.0;
				TARGETED_DEVICE_FAMILY = "1,2";
				TEST_HOST = "$(BUILT_PRODUCTS_DIR)/Shopify.app/Shopify";
			};
			name = Debug;
		};
		A66D66E32873568A00C5BDBE /* Release */ = {
			isa = XCBuildConfiguration;
			buildSettings = {
				ALWAYS_EMBED_SWIFT_STANDARD_LIBRARIES = YES;
				BUNDLE_LOADER = "$(TEST_HOST)";
				CODE_SIGN_STYLE = Automatic;
				CURRENT_PROJECT_VERSION = 1;
				DEVELOPMENT_TEAM = HK3DJJFRK7;
				GENERATE_INFOPLIST_FILE = YES;
				IPHONEOS_DEPLOYMENT_TARGET = 15.5;
				MARKETING_VERSION = 1.0;
				PRODUCT_BUNDLE_IDENTIFIER = mostafa.ShopifyTests;
				PRODUCT_NAME = "$(TARGET_NAME)";
				SWIFT_EMIT_LOC_STRINGS = NO;
				SWIFT_VERSION = 5.0;
				TARGETED_DEVICE_FAMILY = "1,2";
				TEST_HOST = "$(BUILT_PRODUCTS_DIR)/Shopify.app/Shopify";
			};
			name = Release;
		};
		A66D66E52873568A00C5BDBE /* Debug */ = {
			isa = XCBuildConfiguration;
			buildSettings = {
				ALWAYS_EMBED_SWIFT_STANDARD_LIBRARIES = YES;
				CODE_SIGN_STYLE = Automatic;
				CURRENT_PROJECT_VERSION = 1;
				DEVELOPMENT_TEAM = HK3DJJFRK7;
				GENERATE_INFOPLIST_FILE = YES;
				MARKETING_VERSION = 1.0;
				PRODUCT_BUNDLE_IDENTIFIER = mostafa.ShopifyUITests;
				PRODUCT_NAME = "$(TARGET_NAME)";
				SWIFT_EMIT_LOC_STRINGS = NO;
				SWIFT_VERSION = 5.0;
				TARGETED_DEVICE_FAMILY = "1,2";
				TEST_TARGET_NAME = Shopify;
			};
			name = Debug;
		};
		A66D66E62873568A00C5BDBE /* Release */ = {
			isa = XCBuildConfiguration;
			buildSettings = {
				ALWAYS_EMBED_SWIFT_STANDARD_LIBRARIES = YES;
				CODE_SIGN_STYLE = Automatic;
				CURRENT_PROJECT_VERSION = 1;
				DEVELOPMENT_TEAM = HK3DJJFRK7;
				GENERATE_INFOPLIST_FILE = YES;
				MARKETING_VERSION = 1.0;
				PRODUCT_BUNDLE_IDENTIFIER = mostafa.ShopifyUITests;
				PRODUCT_NAME = "$(TARGET_NAME)";
				SWIFT_EMIT_LOC_STRINGS = NO;
				SWIFT_VERSION = 5.0;
				TARGETED_DEVICE_FAMILY = "1,2";
				TEST_TARGET_NAME = Shopify;
			};
			name = Release;
		};
/* End XCBuildConfiguration section */

/* Begin XCConfigurationList section */
		A66D66AC2873568800C5BDBE /* Build configuration list for PBXProject "Shopify" */ = {
			isa = XCConfigurationList;
			buildConfigurations = (
				A66D66DC2873568A00C5BDBE /* Debug */,
				A66D66DD2873568A00C5BDBE /* Release */,
			);
			defaultConfigurationIsVisible = 0;
			defaultConfigurationName = Release;
		};
		A66D66DE2873568A00C5BDBE /* Build configuration list for PBXNativeTarget "Shopify" */ = {
			isa = XCConfigurationList;
			buildConfigurations = (
				A66D66DF2873568A00C5BDBE /* Debug */,
				A66D66E02873568A00C5BDBE /* Release */,
			);
			defaultConfigurationIsVisible = 0;
			defaultConfigurationName = Release;
		};
		A66D66E12873568A00C5BDBE /* Build configuration list for PBXNativeTarget "ShopifyTests" */ = {
			isa = XCConfigurationList;
			buildConfigurations = (
				A66D66E22873568A00C5BDBE /* Debug */,
				A66D66E32873568A00C5BDBE /* Release */,
			);
			defaultConfigurationIsVisible = 0;
			defaultConfigurationName = Release;
		};
		A66D66E42873568A00C5BDBE /* Build configuration list for PBXNativeTarget "ShopifyUITests" */ = {
			isa = XCConfigurationList;
			buildConfigurations = (
				A66D66E52873568A00C5BDBE /* Debug */,
				A66D66E62873568A00C5BDBE /* Release */,
			);
			defaultConfigurationIsVisible = 0;
			defaultConfigurationName = Release;
		};
/* End XCConfigurationList section */

/* Begin XCVersionGroup section */
		A66D66BD2873568900C5BDBE /* Shopify.xcdatamodeld */ = {
			isa = XCVersionGroup;
			children = (
				A66D66BE2873568900C5BDBE /* Shopify.xcdatamodel */,
			);
			currentVersion = A66D66BE2873568900C5BDBE /* Shopify.xcdatamodel */;
			path = Shopify.xcdatamodeld;
			sourceTree = "<group>";
			versionGroupType = wrapper.xcdatamodel;
		};
/* End XCVersionGroup section */
	};
	rootObject = A66D66A92873568800C5BDBE /* Project object */;
}
