// !$*UTF8*$!
{
	archiveVersion = 1;
	classes = {
	};
	objectVersion = 55;
	objects = {

/* Begin PBXBuildFile section */
		67254D4231B0D6F98A3E52D5 /* Pods_Shopify.framework in Frameworks */ = {isa = PBXBuildFile; fileRef = F312E99D14FD0022440811C3 /* Pods_Shopify.framework */; };
		A654CA6928739693008456FC /* ProductDetails.storyboard in Resources */ = {isa = PBXBuildFile; fileRef = A654CA6828739693008456FC /* ProductDetails.storyboard */; };
		A654CA6E2873974B008456FC /* ProductDetailsViewController.swift in Sources */ = {isa = PBXBuildFile; fileRef = A654CA6D2873974B008456FC /* ProductDetailsViewController.swift */; };
		A66D66B52873568900C5BDBE /* AppDelegate.swift in Sources */ = {isa = PBXBuildFile; fileRef = A66D66B42873568900C5BDBE /* AppDelegate.swift */; };
		A66D66B72873568900C5BDBE /* SceneDelegate.swift in Sources */ = {isa = PBXBuildFile; fileRef = A66D66B62873568900C5BDBE /* SceneDelegate.swift */; };
		A66D66B92873568900C5BDBE /* ViewController.swift in Sources */ = {isa = PBXBuildFile; fileRef = A66D66B82873568900C5BDBE /* ViewController.swift */; };
		A66D66BC2873568900C5BDBE /* Main.storyboard in Resources */ = {isa = PBXBuildFile; fileRef = A66D66BA2873568900C5BDBE /* Main.storyboard */; };
		A66D66BF2873568900C5BDBE /* Shopify.xcdatamodeld in Sources */ = {isa = PBXBuildFile; fileRef = A66D66BD2873568900C5BDBE /* Shopify.xcdatamodeld */; };
		A66D66C12873568A00C5BDBE /* Assets.xcassets in Resources */ = {isa = PBXBuildFile; fileRef = A66D66C02873568A00C5BDBE /* Assets.xcassets */; };
		A66D66C42873568A00C5BDBE /* LaunchScreen.storyboard in Resources */ = {isa = PBXBuildFile; fileRef = A66D66C22873568A00C5BDBE /* LaunchScreen.storyboard */; };
		A66D66CF2873568A00C5BDBE /* ShopifyTests.swift in Sources */ = {isa = PBXBuildFile; fileRef = A66D66CE2873568A00C5BDBE /* ShopifyTests.swift */; };
		A66D66D92873568A00C5BDBE /* ShopifyUITests.swift in Sources */ = {isa = PBXBuildFile; fileRef = A66D66D82873568A00C5BDBE /* ShopifyUITests.swift */; };
		A66D66DB2873568A00C5BDBE /* ShopifyUITestsLaunchTests.swift in Sources */ = {isa = PBXBuildFile; fileRef = A66D66DA2873568A00C5BDBE /* ShopifyUITestsLaunchTests.swift */; };
		A66D66F528736AD200C5BDBE /* HomeViewModel.swift in Sources */ = {isa = PBXBuildFile; fileRef = A66D66F428736AD200C5BDBE /* HomeViewModel.swift */; };
		E24EF3CE28738314004DC17F /* CategoryViewController.swift in Sources */ = {isa = PBXBuildFile; fileRef = E24EF3CD28738314004DC17F /* CategoryViewController.swift */; };
		E24EF3D02873834F004DC17F /* PersonalViewController.swift in Sources */ = {isa = PBXBuildFile; fileRef = E24EF3CF2873834F004DC17F /* PersonalViewController.swift */; };
		E24EF3D228738445004DC17F /* BrandCollectionViewCell.swift in Sources */ = {isa = PBXBuildFile; fileRef = E24EF3D128738445004DC17F /* BrandCollectionViewCell.swift */; };
		E24EF3D52873875C004DC17F /* Brands.swift in Sources */ = {isa = PBXBuildFile; fileRef = E24EF3D42873875C004DC17F /* Brands.swift */; };
		E24EF3DA287387C0004DC17F /* JsonDecoder.swift in Sources */ = {isa = PBXBuildFile; fileRef = E24EF3D9287387C0004DC17F /* JsonDecoder.swift */; };
		E24EF3DC287387CB004DC17F /* Urls.swift in Sources */ = {isa = PBXBuildFile; fileRef = E24EF3DB287387CB004DC17F /* Urls.swift */; };
		E24EF3DE287387DA004DC17F /* ApiServices.swift in Sources */ = {isa = PBXBuildFile; fileRef = E24EF3DD287387DA004DC17F /* ApiServices.swift */; };
		E24EF3E0287387EE004DC17F /* NetworkManager.swift in Sources */ = {isa = PBXBuildFile; fileRef = E24EF3DF287387EE004DC17F /* NetworkManager.swift */; };
		E2CA1EFF2874170D009A762D /* ShoppingCartViewController.swift in Sources */ = {isa = PBXBuildFile; fileRef = E2CA1EFE2874170D009A762D /* ShoppingCartViewController.swift */; };
		E2CA1F0328741752009A762D /* ShoppingCartTableViewCell.swift in Sources */ = {isa = PBXBuildFile; fileRef = E2CA1F0128741752009A762D /* ShoppingCartTableViewCell.swift */; };
		E2CA1F0428741752009A762D /* ShoppingCartTableViewCell.xib in Resources */ = {isa = PBXBuildFile; fileRef = E2CA1F0228741752009A762D /* ShoppingCartTableViewCell.xib */; };
		E2CA1F0628741B81009A762D /* ShoppingCart.storyboard in Resources */ = {isa = PBXBuildFile; fileRef = E2CA1F0528741B81009A762D /* ShoppingCart.storyboard */; };
		E2CA1F0C28741D7B009A762D /* ChooseAddressViewController.swift in Sources */ = {isa = PBXBuildFile; fileRef = E2CA1F0B28741D7B009A762D /* ChooseAddressViewController.swift */; };
		E2CA1F1028741DC0009A762D /* ChooseAddressTableViewCell.swift in Sources */ = {isa = PBXBuildFile; fileRef = E2CA1F0E28741DC0009A762D /* ChooseAddressTableViewCell.swift */; };
		E2CA1F1128741DC0009A762D /* ChooseAddressTableViewCell.xib in Resources */ = {isa = PBXBuildFile; fileRef = E2CA1F0F28741DC0009A762D /* ChooseAddressTableViewCell.xib */; };
		E2CA1F1728741FC0009A762D /* PaymentOptionsViewController.swift in Sources */ = {isa = PBXBuildFile; fileRef = E2CA1F1628741FC0009A762D /* PaymentOptionsViewController.swift */; };
		E2CA1F1D28742090009A762D /* FinishOrderViewController.swift in Sources */ = {isa = PBXBuildFile; fileRef = E2CA1F1C28742090009A762D /* FinishOrderViewController.swift */; };
/* End PBXBuildFile section */

/* Begin PBXContainerItemProxy section */
		A66D66CB2873568A00C5BDBE /* PBXContainerItemProxy */ = {
			isa = PBXContainerItemProxy;
			containerPortal = A66D66A92873568800C5BDBE /* Project object */;
			proxyType = 1;
			remoteGlobalIDString = A66D66B02873568900C5BDBE;
			remoteInfo = Shopify;
		};
		A66D66D52873568A00C5BDBE /* PBXContainerItemProxy */ = {
			isa = PBXContainerItemProxy;
			containerPortal = A66D66A92873568800C5BDBE /* Project object */;
			proxyType = 1;
			remoteGlobalIDString = A66D66B02873568900C5BDBE;
			remoteInfo = Shopify;
		};
/* End PBXContainerItemProxy section */

/* Begin PBXFileReference section */
		A654CA6828739693008456FC /* ProductDetails.storyboard */ = {isa = PBXFileReference; lastKnownFileType = file.storyboard; path = ProductDetails.storyboard; sourceTree = "<group>"; };
		A654CA6D2873974B008456FC /* ProductDetailsViewController.swift */ = {isa = PBXFileReference; lastKnownFileType = sourcecode.swift; path = ProductDetailsViewController.swift; sourceTree = "<group>"; };
		A66D66B12873568900C5BDBE /* Shopify.app */ = {isa = PBXFileReference; explicitFileType = wrapper.application; includeInIndex = 0; path = Shopify.app; sourceTree = BUILT_PRODUCTS_DIR; };
		A66D66B42873568900C5BDBE /* AppDelegate.swift */ = {isa = PBXFileReference; lastKnownFileType = sourcecode.swift; path = AppDelegate.swift; sourceTree = "<group>"; };
		A66D66B62873568900C5BDBE /* SceneDelegate.swift */ = {isa = PBXFileReference; lastKnownFileType = sourcecode.swift; path = SceneDelegate.swift; sourceTree = "<group>"; };
		A66D66B82873568900C5BDBE /* ViewController.swift */ = {isa = PBXFileReference; lastKnownFileType = sourcecode.swift; path = ViewController.swift; sourceTree = "<group>"; };
		A66D66BB2873568900C5BDBE /* Base */ = {isa = PBXFileReference; lastKnownFileType = file.storyboard; name = Base; path = Base.lproj/Main.storyboard; sourceTree = "<group>"; };
		A66D66BE2873568900C5BDBE /* Shopify.xcdatamodel */ = {isa = PBXFileReference; lastKnownFileType = wrapper.xcdatamodel; path = Shopify.xcdatamodel; sourceTree = "<group>"; };
		A66D66C02873568A00C5BDBE /* Assets.xcassets */ = {isa = PBXFileReference; lastKnownFileType = folder.assetcatalog; path = Assets.xcassets; sourceTree = "<group>"; };
		A66D66C32873568A00C5BDBE /* Base */ = {isa = PBXFileReference; lastKnownFileType = file.storyboard; name = Base; path = Base.lproj/LaunchScreen.storyboard; sourceTree = "<group>"; };
		A66D66C52873568A00C5BDBE /* Info.plist */ = {isa = PBXFileReference; lastKnownFileType = text.plist.xml; path = Info.plist; sourceTree = "<group>"; };
		A66D66CA2873568A00C5BDBE /* ShopifyTests.xctest */ = {isa = PBXFileReference; explicitFileType = wrapper.cfbundle; includeInIndex = 0; path = ShopifyTests.xctest; sourceTree = BUILT_PRODUCTS_DIR; };
		A66D66CE2873568A00C5BDBE /* ShopifyTests.swift */ = {isa = PBXFileReference; lastKnownFileType = sourcecode.swift; path = ShopifyTests.swift; sourceTree = "<group>"; };
		A66D66D42873568A00C5BDBE /* ShopifyUITests.xctest */ = {isa = PBXFileReference; explicitFileType = wrapper.cfbundle; includeInIndex = 0; path = ShopifyUITests.xctest; sourceTree = BUILT_PRODUCTS_DIR; };
		A66D66D82873568A00C5BDBE /* ShopifyUITests.swift */ = {isa = PBXFileReference; lastKnownFileType = sourcecode.swift; path = ShopifyUITests.swift; sourceTree = "<group>"; };
		A66D66DA2873568A00C5BDBE /* ShopifyUITestsLaunchTests.swift */ = {isa = PBXFileReference; lastKnownFileType = sourcecode.swift; path = ShopifyUITestsLaunchTests.swift; sourceTree = "<group>"; };
		A66D66F428736AD200C5BDBE /* HomeViewModel.swift */ = {isa = PBXFileReference; lastKnownFileType = sourcecode.swift; path = HomeViewModel.swift; sourceTree = "<group>"; };
		A6B5DAEEF0180EBC63DA4552 /* Pods-Shopify.debug.xcconfig */ = {isa = PBXFileReference; includeInIndex = 1; lastKnownFileType = text.xcconfig; name = "Pods-Shopify.debug.xcconfig"; path = "Target Support Files/Pods-Shopify/Pods-Shopify.debug.xcconfig"; sourceTree = "<group>"; };
		E24EF3CD28738314004DC17F /* CategoryViewController.swift */ = {isa = PBXFileReference; lastKnownFileType = sourcecode.swift; path = CategoryViewController.swift; sourceTree = "<group>"; };
		E24EF3CF2873834F004DC17F /* PersonalViewController.swift */ = {isa = PBXFileReference; lastKnownFileType = sourcecode.swift; path = PersonalViewController.swift; sourceTree = "<group>"; };
		E24EF3D128738445004DC17F /* BrandCollectionViewCell.swift */ = {isa = PBXFileReference; lastKnownFileType = sourcecode.swift; path = BrandCollectionViewCell.swift; sourceTree = "<group>"; };
		E24EF3D42873875C004DC17F /* Brands.swift */ = {isa = PBXFileReference; lastKnownFileType = sourcecode.swift; path = Brands.swift; sourceTree = "<group>"; };
		E24EF3D9287387C0004DC17F /* JsonDecoder.swift */ = {isa = PBXFileReference; lastKnownFileType = sourcecode.swift; path = JsonDecoder.swift; sourceTree = "<group>"; };
		E24EF3DB287387CB004DC17F /* Urls.swift */ = {isa = PBXFileReference; lastKnownFileType = sourcecode.swift; path = Urls.swift; sourceTree = "<group>"; };
		E24EF3DD287387DA004DC17F /* ApiServices.swift */ = {isa = PBXFileReference; lastKnownFileType = sourcecode.swift; path = ApiServices.swift; sourceTree = "<group>"; };
		E24EF3DF287387EE004DC17F /* NetworkManager.swift */ = {isa = PBXFileReference; lastKnownFileType = sourcecode.swift; path = NetworkManager.swift; sourceTree = "<group>"; };
		E2CA1EFE2874170D009A762D /* ShoppingCartViewController.swift */ = {isa = PBXFileReference; lastKnownFileType = sourcecode.swift; path = ShoppingCartViewController.swift; sourceTree = "<group>"; };
		E2CA1F0128741752009A762D /* ShoppingCartTableViewCell.swift */ = {isa = PBXFileReference; lastKnownFileType = sourcecode.swift; path = ShoppingCartTableViewCell.swift; sourceTree = "<group>"; };
		E2CA1F0228741752009A762D /* ShoppingCartTableViewCell.xib */ = {isa = PBXFileReference; lastKnownFileType = file.xib; path = ShoppingCartTableViewCell.xib; sourceTree = "<group>"; };
		E2CA1F0528741B81009A762D /* ShoppingCart.storyboard */ = {isa = PBXFileReference; lastKnownFileType = file.storyboard; path = ShoppingCart.storyboard; sourceTree = "<group>"; };
		E2CA1F0B28741D7B009A762D /* ChooseAddressViewController.swift */ = {isa = PBXFileReference; lastKnownFileType = sourcecode.swift; path = ChooseAddressViewController.swift; sourceTree = "<group>"; };
		E2CA1F0E28741DC0009A762D /* ChooseAddressTableViewCell.swift */ = {isa = PBXFileReference; lastKnownFileType = sourcecode.swift; path = ChooseAddressTableViewCell.swift; sourceTree = "<group>"; };
		E2CA1F0F28741DC0009A762D /* ChooseAddressTableViewCell.xib */ = {isa = PBXFileReference; lastKnownFileType = file.xib; path = ChooseAddressTableViewCell.xib; sourceTree = "<group>"; };
		E2CA1F1628741FC0009A762D /* PaymentOptionsViewController.swift */ = {isa = PBXFileReference; lastKnownFileType = sourcecode.swift; path = PaymentOptionsViewController.swift; sourceTree = "<group>"; };
		E2CA1F1C28742090009A762D /* FinishOrderViewController.swift */ = {isa = PBXFileReference; lastKnownFileType = sourcecode.swift; path = FinishOrderViewController.swift; sourceTree = "<group>"; };
		E894B9D28CBD8BB07198E01C /* Pods-Shopify.release.xcconfig */ = {isa = PBXFileReference; includeInIndex = 1; lastKnownFileType = text.xcconfig; name = "Pods-Shopify.release.xcconfig"; path = "Target Support Files/Pods-Shopify/Pods-Shopify.release.xcconfig"; sourceTree = "<group>"; };
		F312E99D14FD0022440811C3 /* Pods_Shopify.framework */ = {isa = PBXFileReference; explicitFileType = wrapper.framework; includeInIndex = 0; path = Pods_Shopify.framework; sourceTree = BUILT_PRODUCTS_DIR; };
/* End PBXFileReference section */

/* Begin PBXFrameworksBuildPhase section */
		A66D66AE2873568900C5BDBE /* Frameworks */ = {
			isa = PBXFrameworksBuildPhase;
			buildActionMask = 2147483647;
			files = (
				67254D4231B0D6F98A3E52D5 /* Pods_Shopify.framework in Frameworks */,
			);
			runOnlyForDeploymentPostprocessing = 0;
		};
		A66D66C72873568A00C5BDBE /* Frameworks */ = {
			isa = PBXFrameworksBuildPhase;
			buildActionMask = 2147483647;
			files = (
			);
			runOnlyForDeploymentPostprocessing = 0;
		};
		A66D66D12873568A00C5BDBE /* Frameworks */ = {
			isa = PBXFrameworksBuildPhase;
			buildActionMask = 2147483647;
			files = (
			);
			runOnlyForDeploymentPostprocessing = 0;
		};
/* End PBXFrameworksBuildPhase section */

/* Begin PBXGroup section */
		24932BF143C7D536D0EBBCEB /* Pods */ = {
			isa = PBXGroup;
			children = (
				A6B5DAEEF0180EBC63DA4552 /* Pods-Shopify.debug.xcconfig */,
				E894B9D28CBD8BB07198E01C /* Pods-Shopify.release.xcconfig */,
			);
			path = Pods;
			sourceTree = "<group>";
		};
		A654CA6A287396F8008456FC /* ProductDetailsScene */ = {
			isa = PBXGroup;
			children = (
				A654CA6B2873970D008456FC /* ViewController */,
				A654CA6C28739717008456FC /* ViewModel */,
			);
			path = ProductDetailsScene;
			sourceTree = "<group>";
		};
		A654CA6B2873970D008456FC /* ViewController */ = {
			isa = PBXGroup;
			children = (
				A654CA6D2873974B008456FC /* ProductDetailsViewController.swift */,
			);
			path = ViewController;
			sourceTree = "<group>";
		};
		A654CA6C28739717008456FC /* ViewModel */ = {
			isa = PBXGroup;
			children = (
			);
			path = ViewModel;
			sourceTree = "<group>";
		};
		A66D66A82873568800C5BDBE = {
			isa = PBXGroup;
			children = (
				A66D66B32873568900C5BDBE /* Shopify */,
				A66D66CD2873568A00C5BDBE /* ShopifyTests */,
				A66D66D72873568A00C5BDBE /* ShopifyUITests */,
				A66D66B22873568900C5BDBE /* Products */,
				24932BF143C7D536D0EBBCEB /* Pods */,
				C7F7E0A7C9B1B78BAD3BC4EE /* Frameworks */,
			);
			sourceTree = "<group>";
		};
		A66D66B22873568900C5BDBE /* Products */ = {
			isa = PBXGroup;
			children = (
				A66D66B12873568900C5BDBE /* Shopify.app */,
				A66D66CA2873568A00C5BDBE /* ShopifyTests.xctest */,
				A66D66D42873568A00C5BDBE /* ShopifyUITests.xctest */,
			);
			name = Products;
			sourceTree = "<group>";
		};
		A66D66B32873568900C5BDBE /* Shopify */ = {
			isa = PBXGroup;
			children = (
				E2CA1EF928741687009A762D /* Shopping Cart  */,
				A66D66E72873597000C5BDBE /* AppDelegate */,
				E24EF3C828737F2A004DC17F /* NetworkManager */,
				A66D66F028736A3A00C5BDBE /* Scenes */,
				A66D66EF287369B800C5BDBE /* Storyboards */,
				E24EF3C928737F75004DC17F /* Models */,
				A66D66C02873568A00C5BDBE /* Assets.xcassets */,
				A66D66C52873568A00C5BDBE /* Info.plist */,
				A66D66BD2873568900C5BDBE /* Shopify.xcdatamodeld */,
			);
			path = Shopify;
			sourceTree = "<group>";
		};
		A66D66CD2873568A00C5BDBE /* ShopifyTests */ = {
			isa = PBXGroup;
			children = (
				A66D66CE2873568A00C5BDBE /* ShopifyTests.swift */,
			);
			path = ShopifyTests;
			sourceTree = "<group>";
		};
		A66D66D72873568A00C5BDBE /* ShopifyUITests */ = {
			isa = PBXGroup;
			children = (
				A66D66D82873568A00C5BDBE /* ShopifyUITests.swift */,
				A66D66DA2873568A00C5BDBE /* ShopifyUITestsLaunchTests.swift */,
			);
			path = ShopifyUITests;
			sourceTree = "<group>";
		};
		A66D66E72873597000C5BDBE /* AppDelegate */ = {
			isa = PBXGroup;
			children = (
				A66D66B42873568900C5BDBE /* AppDelegate.swift */,
				A66D66B62873568900C5BDBE /* SceneDelegate.swift */,
			);
			path = AppDelegate;
			sourceTree = "<group>";
		};
		A66D66EF287369B800C5BDBE /* Storyboards */ = {
			isa = PBXGroup;
			children = (
				A66D66C22873568A00C5BDBE /* LaunchScreen.storyboard */,
				A66D66BA2873568900C5BDBE /* Main.storyboard */,
				A654CA6828739693008456FC /* ProductDetails.storyboard */,
				E2CA1F0528741B81009A762D /* ShoppingCart.storyboard */,
			);
			path = Storyboards;
			sourceTree = "<group>";
		};
		A66D66F028736A3A00C5BDBE /* Scenes */ = {
			isa = PBXGroup;
			children = (
				E24EF3E12873904C004DC17F /* CategoryScene */,
				E24EF3E228739069004DC17F /* PersonalScene */,
				A66D66F128736A4500C5BDBE /* HomeScene */,
				A654CA6A287396F8008456FC /* ProductDetailsScene */,
			);
			path = Scenes;
			sourceTree = "<group>";
		};
		A66D66F128736A4500C5BDBE /* HomeScene */ = {
			isa = PBXGroup;
			children = (
				E24EF3E328739419004DC17F /* HomeCollectionViewCell */,
				A66D66F228736A5300C5BDBE /* ViewController */,
				A66D66F328736A6100C5BDBE /* ViewModel */,
			);
			path = HomeScene;
			sourceTree = "<group>";
		};
		A66D66F228736A5300C5BDBE /* ViewController */ = {
			isa = PBXGroup;
			children = (
				A66D66B82873568900C5BDBE /* ViewController.swift */,
			);
			path = ViewController;
			sourceTree = "<group>";
		};
		A66D66F328736A6100C5BDBE /* ViewModel */ = {
			isa = PBXGroup;
			children = (
				A66D66F428736AD200C5BDBE /* HomeViewModel.swift */,
			);
			path = ViewModel;
			sourceTree = "<group>";
		};
		C7F7E0A7C9B1B78BAD3BC4EE /* Frameworks */ = {
			isa = PBXGroup;
			children = (
				F312E99D14FD0022440811C3 /* Pods_Shopify.framework */,
			);
			name = Frameworks;
			sourceTree = "<group>";
		};
		E24EF3C828737F2A004DC17F /* NetworkManager */ = {
			isa = PBXGroup;
			children = (
				E24EF3DF287387EE004DC17F /* NetworkManager.swift */,
				E24EF3D62873877F004DC17F /* ApiServices */,
			);
			path = NetworkManager;
			sourceTree = "<group>";
		};
		E24EF3C928737F75004DC17F /* Models */ = {
			isa = PBXGroup;
			children = (
				E24EF3D42873875C004DC17F /* Brands.swift */,
			);
			path = Models;
			sourceTree = "<group>";
		};
		E24EF3D62873877F004DC17F /* ApiServices */ = {
			isa = PBXGroup;
			children = (
				E24EF3DB287387CB004DC17F /* Urls.swift */,
				E24EF3D9287387C0004DC17F /* JsonDecoder.swift */,
				E24EF3DD287387DA004DC17F /* ApiServices.swift */,
			);
			path = ApiServices;
			sourceTree = "<group>";
		};
		E24EF3E12873904C004DC17F /* CategoryScene */ = {
			isa = PBXGroup;
			children = (
				E24EF3E528739480004DC17F /* ViewController */,
				E24EF3E428739474004DC17F /* ViewModel */,
			);
			path = CategoryScene;
			sourceTree = "<group>";
		};
		E24EF3E228739069004DC17F /* PersonalScene */ = {
			isa = PBXGroup;
			children = (
				E24EF3E7287394CA004DC17F /* ViewModel */,
				E24EF3E6287394BD004DC17F /* ViewController */,
			);
			path = PersonalScene;
			sourceTree = "<group>";
		};
		E24EF3E328739419004DC17F /* HomeCollectionViewCell */ = {
			isa = PBXGroup;
			children = (
				E24EF3D128738445004DC17F /* BrandCollectionViewCell.swift */,
			);
			path = HomeCollectionViewCell;
			sourceTree = "<group>";
		};
		E24EF3E428739474004DC17F /* ViewModel */ = {
			isa = PBXGroup;
			children = (
			);
			path = ViewModel;
			sourceTree = "<group>";
		};
		E24EF3E528739480004DC17F /* ViewController */ = {
			isa = PBXGroup;
			children = (
				E24EF3CD28738314004DC17F /* CategoryViewController.swift */,
			);
			path = ViewController;
			sourceTree = "<group>";
		};
		E24EF3E6287394BD004DC17F /* ViewController */ = {
			isa = PBXGroup;
			children = (
				E24EF3CF2873834F004DC17F /* PersonalViewController.swift */,
			);
			path = ViewController;
			sourceTree = "<group>";
		};
		E24EF3E7287394CA004DC17F /* ViewModel */ = {
			isa = PBXGroup;
			children = (
			);
			path = ViewModel;
			sourceTree = "<group>";
		};
		E2CA1EF928741687009A762D /* Shopping Cart  */ = {
			isa = PBXGroup;
			children = (
				E2CA1F182874204A009A762D /* Finish Order */,
				E2CA1F1228741F78009A762D /* Payment Options */,
				E2CA1F0728741D21009A762D /* Choose Address */,
				E2CA1EFA287416A6009A762D /* Shopping Cart */,
			);
			path = "Shopping Cart ";
			sourceTree = "<group>";
		};
		E2CA1EFA287416A6009A762D /* Shopping Cart */ = {
			isa = PBXGroup;
			children = (
				E2CA1EFD287416DB009A762D /* ShoppingCartViewModel */,
				E2CA1EFC287416D4009A762D /* View */,
				E2CA1EFB287416CC009A762D /* Model */,
			);
			path = "Shopping Cart";
			sourceTree = "<group>";
		};
		E2CA1EFB287416CC009A762D /* Model */ = {
			isa = PBXGroup;
			children = (
			);
			path = Model;
			sourceTree = "<group>";
		};
		E2CA1EFC287416D4009A762D /* View */ = {
			isa = PBXGroup;
			children = (
				E2CA1F0028741727009A762D /* Cells */,
				E2CA1EFE2874170D009A762D /* ShoppingCartViewController.swift */,
			);
			path = View;
			sourceTree = "<group>";
		};
		E2CA1EFD287416DB009A762D /* ShoppingCartViewModel */ = {
			isa = PBXGroup;
			children = (
			);
			path = ShoppingCartViewModel;
			sourceTree = "<group>";
		};
		E2CA1F0028741727009A762D /* Cells */ = {
			isa = PBXGroup;
			children = (
				E2CA1F0128741752009A762D /* ShoppingCartTableViewCell.swift */,
				E2CA1F0228741752009A762D /* ShoppingCartTableViewCell.xib */,
			);
			path = Cells;
			sourceTree = "<group>";
		};
		E2CA1F0728741D21009A762D /* Choose Address */ = {
			isa = PBXGroup;
			children = (
				E2CA1F0A28741D4E009A762D /* ChooseAddressViewMOdel  */,
				E2CA1F0928741D45009A762D /* View */,
				E2CA1F0828741D3B009A762D /* Model */,
			);
			path = "Choose Address";
			sourceTree = "<group>";
		};
		E2CA1F0828741D3B009A762D /* Model */ = {
			isa = PBXGroup;
			children = (
			);
			path = Model;
			sourceTree = "<group>";
		};
		E2CA1F0928741D45009A762D /* View */ = {
			isa = PBXGroup;
			children = (
				E2CA1F0D28741D80009A762D /* Cells */,
				E2CA1F0B28741D7B009A762D /* ChooseAddressViewController.swift */,
			);
			path = View;
			sourceTree = "<group>";
		};
		E2CA1F0A28741D4E009A762D /* ChooseAddressViewMOdel  */ = {
			isa = PBXGroup;
			children = (
			);
			path = "ChooseAddressViewMOdel ";
			sourceTree = "<group>";
		};
		E2CA1F0D28741D80009A762D /* Cells */ = {
			isa = PBXGroup;
			children = (
				E2CA1F0E28741DC0009A762D /* ChooseAddressTableViewCell.swift */,
				E2CA1F0F28741DC0009A762D /* ChooseAddressTableViewCell.xib */,
			);
			path = Cells;
			sourceTree = "<group>";
		};
		E2CA1F1228741F78009A762D /* Payment Options */ = {
			isa = PBXGroup;
			children = (
				E2CA1F1528741F9E009A762D /* PaymentOptionsViewModel */,
				E2CA1F1428741F97009A762D /* Model */,
				E2CA1F1328741F8D009A762D /* View */,
			);
			path = "Payment Options";
			sourceTree = "<group>";
		};
		E2CA1F1328741F8D009A762D /* View */ = {
			isa = PBXGroup;
			children = (
				E2CA1F1628741FC0009A762D /* PaymentOptionsViewController.swift */,
			);
			path = View;
			sourceTree = "<group>";
		};
		E2CA1F1428741F97009A762D /* Model */ = {
			isa = PBXGroup;
			children = (
			);
			path = Model;
			sourceTree = "<group>";
		};
		E2CA1F1528741F9E009A762D /* PaymentOptionsViewModel */ = {
			isa = PBXGroup;
			children = (
			);
			path = PaymentOptionsViewModel;
			sourceTree = "<group>";
		};
		E2CA1F182874204A009A762D /* Finish Order */ = {
			isa = PBXGroup;
			children = (
				E2CA1F1B2874206B009A762D /* FinishOrderViewModel */,
				E2CA1F1A28742064009A762D /* Model */,
				E2CA1F192874205E009A762D /* View */,
			);
			path = "Finish Order";
			sourceTree = "<group>";
		};
		E2CA1F192874205E009A762D /* View */ = {
			isa = PBXGroup;
			children = (
				E2CA1F1C28742090009A762D /* FinishOrderViewController.swift */,
			);
			path = View;
			sourceTree = "<group>";
		};
		E2CA1F1A28742064009A762D /* Model */ = {
			isa = PBXGroup;
			children = (
			);
			path = Model;
			sourceTree = "<group>";
		};
		E2CA1F1B2874206B009A762D /* FinishOrderViewModel */ = {
			isa = PBXGroup;
			children = (
			);
			path = FinishOrderViewModel;
			sourceTree = "<group>";
		};
/* End PBXGroup section */

/* Begin PBXNativeTarget section */
		A66D66B02873568900C5BDBE /* Shopify */ = {
			isa = PBXNativeTarget;
			buildConfigurationList = A66D66DE2873568A00C5BDBE /* Build configuration list for PBXNativeTarget "Shopify" */;
			buildPhases = (
				D48033A0CE31BECC07C81B26 /* [CP] Check Pods Manifest.lock */,
				A66D66AD2873568900C5BDBE /* Sources */,
				A66D66AE2873568900C5BDBE /* Frameworks */,
				A66D66AF2873568900C5BDBE /* Resources */,
				FC48D18100A60772C341F7DE /* [CP] Embed Pods Frameworks */,
			);
			buildRules = (
			);
			dependencies = (
			);
			name = Shopify;
			productName = Shopify;
			productReference = A66D66B12873568900C5BDBE /* Shopify.app */;
			productType = "com.apple.product-type.application";
		};
		A66D66C92873568A00C5BDBE /* ShopifyTests */ = {
			isa = PBXNativeTarget;
			buildConfigurationList = A66D66E12873568A00C5BDBE /* Build configuration list for PBXNativeTarget "ShopifyTests" */;
			buildPhases = (
				A66D66C62873568A00C5BDBE /* Sources */,
				A66D66C72873568A00C5BDBE /* Frameworks */,
				A66D66C82873568A00C5BDBE /* Resources */,
			);
			buildRules = (
			);
			dependencies = (
				A66D66CC2873568A00C5BDBE /* PBXTargetDependency */,
			);
			name = ShopifyTests;
			productName = ShopifyTests;
			productReference = A66D66CA2873568A00C5BDBE /* ShopifyTests.xctest */;
			productType = "com.apple.product-type.bundle.unit-test";
		};
		A66D66D32873568A00C5BDBE /* ShopifyUITests */ = {
			isa = PBXNativeTarget;
			buildConfigurationList = A66D66E42873568A00C5BDBE /* Build configuration list for PBXNativeTarget "ShopifyUITests" */;
			buildPhases = (
				A66D66D02873568A00C5BDBE /* Sources */,
				A66D66D12873568A00C5BDBE /* Frameworks */,
				A66D66D22873568A00C5BDBE /* Resources */,
			);
			buildRules = (
			);
			dependencies = (
				A66D66D62873568A00C5BDBE /* PBXTargetDependency */,
			);
			name = ShopifyUITests;
			productName = ShopifyUITests;
			productReference = A66D66D42873568A00C5BDBE /* ShopifyUITests.xctest */;
			productType = "com.apple.product-type.bundle.ui-testing";
		};
/* End PBXNativeTarget section */

/* Begin PBXProject section */
		A66D66A92873568800C5BDBE /* Project object */ = {
			isa = PBXProject;
			attributes = {
				BuildIndependentTargetsInParallel = 1;
				LastSwiftUpdateCheck = 1340;
				LastUpgradeCheck = 1340;
				TargetAttributes = {
					A66D66B02873568900C5BDBE = {
						CreatedOnToolsVersion = 13.4.1;
					};
					A66D66C92873568A00C5BDBE = {
						CreatedOnToolsVersion = 13.4.1;
						TestTargetID = A66D66B02873568900C5BDBE;
					};
					A66D66D32873568A00C5BDBE = {
						CreatedOnToolsVersion = 13.4.1;
						TestTargetID = A66D66B02873568900C5BDBE;
					};
				};
			};
			buildConfigurationList = A66D66AC2873568800C5BDBE /* Build configuration list for PBXProject "Shopify" */;
			compatibilityVersion = "Xcode 13.0";
			developmentRegion = en;
			hasScannedForEncodings = 0;
			knownRegions = (
				en,
				Base,
			);
			mainGroup = A66D66A82873568800C5BDBE;
			productRefGroup = A66D66B22873568900C5BDBE /* Products */;
			projectDirPath = "";
			projectRoot = "";
			targets = (
				A66D66B02873568900C5BDBE /* Shopify */,
				A66D66C92873568A00C5BDBE /* ShopifyTests */,
				A66D66D32873568A00C5BDBE /* ShopifyUITests */,
			);
		};
/* End PBXProject section */

/* Begin PBXResourcesBuildPhase section */
		A66D66AF2873568900C5BDBE /* Resources */ = {
			isa = PBXResourcesBuildPhase;
			buildActionMask = 2147483647;
			files = (
				A66D66C42873568A00C5BDBE /* LaunchScreen.storyboard in Resources */,
				A66D66C12873568A00C5BDBE /* Assets.xcassets in Resources */,
				A66D66BC2873568900C5BDBE /* Main.storyboard in Resources */,
				E2CA1F0428741752009A762D /* ShoppingCartTableViewCell.xib in Resources */,
				E2CA1F1128741DC0009A762D /* ChooseAddressTableViewCell.xib in Resources */,
				E2CA1F0628741B81009A762D /* ShoppingCart.storyboard in Resources */,
				A654CA6928739693008456FC /* ProductDetails.storyboard in Resources */,
			);
			runOnlyForDeploymentPostprocessing = 0;
		};
		A66D66C82873568A00C5BDBE /* Resources */ = {
			isa = PBXResourcesBuildPhase;
			buildActionMask = 2147483647;
			files = (
			);
			runOnlyForDeploymentPostprocessing = 0;
		};
		A66D66D22873568A00C5BDBE /* Resources */ = {
			isa = PBXResourcesBuildPhase;
			buildActionMask = 2147483647;
			files = (
			);
			runOnlyForDeploymentPostprocessing = 0;
		};
/* End PBXResourcesBuildPhase section */

/* Begin PBXShellScriptBuildPhase section */
		D48033A0CE31BECC07C81B26 /* [CP] Check Pods Manifest.lock */ = {
			isa = PBXShellScriptBuildPhase;
			buildActionMask = 2147483647;
			files = (
			);
			inputFileListPaths = (
			);
			inputPaths = (
				"${PODS_PODFILE_DIR_PATH}/Podfile.lock",
				"${PODS_ROOT}/Manifest.lock",
			);
			name = "[CP] Check Pods Manifest.lock";
			outputFileListPaths = (
			);
			outputPaths = (
				"$(DERIVED_FILE_DIR)/Pods-Shopify-checkManifestLockResult.txt",
			);
			runOnlyForDeploymentPostprocessing = 0;
			shellPath = /bin/sh;
			shellScript = "diff \"${PODS_PODFILE_DIR_PATH}/Podfile.lock\" \"${PODS_ROOT}/Manifest.lock\" > /dev/null\nif [ $? != 0 ] ; then\n    # print error to STDERR\n    echo \"error: The sandbox is not in sync with the Podfile.lock. Run 'pod install' or update your CocoaPods installation.\" >&2\n    exit 1\nfi\n# This output is used by Xcode 'outputs' to avoid re-running this script phase.\necho \"SUCCESS\" > \"${SCRIPT_OUTPUT_FILE_0}\"\n";
			showEnvVarsInLog = 0;
		};
		FC48D18100A60772C341F7DE /* [CP] Embed Pods Frameworks */ = {
			isa = PBXShellScriptBuildPhase;
			buildActionMask = 2147483647;
			files = (
			);
			inputFileListPaths = (
				"${PODS_ROOT}/Target Support Files/Pods-Shopify/Pods-Shopify-frameworks-${CONFIGURATION}-input-files.xcfilelist",
			);
			name = "[CP] Embed Pods Frameworks";
			outputFileListPaths = (
				"${PODS_ROOT}/Target Support Files/Pods-Shopify/Pods-Shopify-frameworks-${CONFIGURATION}-output-files.xcfilelist",
			);
			runOnlyForDeploymentPostprocessing = 0;
			shellPath = /bin/sh;
			shellScript = "\"${PODS_ROOT}/Target Support Files/Pods-Shopify/Pods-Shopify-frameworks.sh\"\n";
			showEnvVarsInLog = 0;
		};
/* End PBXShellScriptBuildPhase section */

/* Begin PBXSourcesBuildPhase section */
		A66D66AD2873568900C5BDBE /* Sources */ = {
			isa = PBXSourcesBuildPhase;
			buildActionMask = 2147483647;
			files = (
				A66D66B92873568900C5BDBE /* ViewController.swift in Sources */,
				E24EF3D52873875C004DC17F /* Brands.swift in Sources */,
				E2CA1F1728741FC0009A762D /* PaymentOptionsViewController.swift in Sources */,
				A66D66B52873568900C5BDBE /* AppDelegate.swift in Sources */,
				E24EF3E0287387EE004DC17F /* NetworkManager.swift in Sources */,
				A66D66BF2873568900C5BDBE /* Shopify.xcdatamodeld in Sources */,
				A66D66F528736AD200C5BDBE /* HomeViewModel.swift in Sources */,
				E24EF3CE28738314004DC17F /* CategoryViewController.swift in Sources */,
				A654CA6E2873974B008456FC /* ProductDetailsViewController.swift in Sources */,
				E24EF3DE287387DA004DC17F /* ApiServices.swift in Sources */,
				E24EF3DA287387C0004DC17F /* JsonDecoder.swift in Sources */,
				E2CA1F0C28741D7B009A762D /* ChooseAddressViewController.swift in Sources */,
				A66D66B72873568900C5BDBE /* SceneDelegate.swift in Sources */,
				E24EF3DC287387CB004DC17F /* Urls.swift in Sources */,
				E2CA1F1D28742090009A762D /* FinishOrderViewController.swift in Sources */,
				E24EF3D228738445004DC17F /* BrandCollectionViewCell.swift in Sources */,
				E24EF3D02873834F004DC17F /* PersonalViewController.swift in Sources */,
				E2CA1EFF2874170D009A762D /* ShoppingCartViewController.swift in Sources */,
				E2CA1F1028741DC0009A762D /* ChooseAddressTableViewCell.swift in Sources */,
				E2CA1F0328741752009A762D /* ShoppingCartTableViewCell.swift in Sources */,
			);
			runOnlyForDeploymentPostprocessing = 0;
		};
		A66D66C62873568A00C5BDBE /* Sources */ = {
			isa = PBXSourcesBuildPhase;
			buildActionMask = 2147483647;
			files = (
				A66D66CF2873568A00C5BDBE /* ShopifyTests.swift in Sources */,
			);
			runOnlyForDeploymentPostprocessing = 0;
		};
		A66D66D02873568A00C5BDBE /* Sources */ = {
			isa = PBXSourcesBuildPhase;
			buildActionMask = 2147483647;
			files = (
				A66D66D92873568A00C5BDBE /* ShopifyUITests.swift in Sources */,
				A66D66DB2873568A00C5BDBE /* ShopifyUITestsLaunchTests.swift in Sources */,
			);
			runOnlyForDeploymentPostprocessing = 0;
		};
/* End PBXSourcesBuildPhase section */

/* Begin PBXTargetDependency section */
		A66D66CC2873568A00C5BDBE /* PBXTargetDependency */ = {
			isa = PBXTargetDependency;
			target = A66D66B02873568900C5BDBE /* Shopify */;
			targetProxy = A66D66CB2873568A00C5BDBE /* PBXContainerItemProxy */;
		};
		A66D66D62873568A00C5BDBE /* PBXTargetDependency */ = {
			isa = PBXTargetDependency;
			target = A66D66B02873568900C5BDBE /* Shopify */;
			targetProxy = A66D66D52873568A00C5BDBE /* PBXContainerItemProxy */;
		};
/* End PBXTargetDependency section */

/* Begin PBXVariantGroup section */
		A66D66BA2873568900C5BDBE /* Main.storyboard */ = {
			isa = PBXVariantGroup;
			children = (
				A66D66BB2873568900C5BDBE /* Base */,
			);
			name = Main.storyboard;
			sourceTree = "<group>";
		};
		A66D66C22873568A00C5BDBE /* LaunchScreen.storyboard */ = {
			isa = PBXVariantGroup;
			children = (
				A66D66C32873568A00C5BDBE /* Base */,
			);
			name = LaunchScreen.storyboard;
			sourceTree = "<group>";
		};
/* End PBXVariantGroup section */

/* Begin XCBuildConfiguration section */
		A66D66DC2873568A00C5BDBE /* Debug */ = {
			isa = XCBuildConfiguration;
			buildSettings = {
				ALWAYS_SEARCH_USER_PATHS = NO;
				CLANG_ANALYZER_NONNULL = YES;
				CLANG_ANALYZER_NUMBER_OBJECT_CONVERSION = YES_AGGRESSIVE;
				CLANG_CXX_LANGUAGE_STANDARD = "gnu++17";
				CLANG_ENABLE_MODULES = YES;
				CLANG_ENABLE_OBJC_ARC = YES;
				CLANG_ENABLE_OBJC_WEAK = YES;
				CLANG_WARN_BLOCK_CAPTURE_AUTORELEASING = YES;
				CLANG_WARN_BOOL_CONVERSION = YES;
				CLANG_WARN_COMMA = YES;
				CLANG_WARN_CONSTANT_CONVERSION = YES;
				CLANG_WARN_DEPRECATED_OBJC_IMPLEMENTATIONS = YES;
				CLANG_WARN_DIRECT_OBJC_ISA_USAGE = YES_ERROR;
				CLANG_WARN_DOCUMENTATION_COMMENTS = YES;
				CLANG_WARN_EMPTY_BODY = YES;
				CLANG_WARN_ENUM_CONVERSION = YES;
				CLANG_WARN_INFINITE_RECURSION = YES;
				CLANG_WARN_INT_CONVERSION = YES;
				CLANG_WARN_NON_LITERAL_NULL_CONVERSION = YES;
				CLANG_WARN_OBJC_IMPLICIT_RETAIN_SELF = YES;
				CLANG_WARN_OBJC_LITERAL_CONVERSION = YES;
				CLANG_WARN_OBJC_ROOT_CLASS = YES_ERROR;
				CLANG_WARN_QUOTED_INCLUDE_IN_FRAMEWORK_HEADER = YES;
				CLANG_WARN_RANGE_LOOP_ANALYSIS = YES;
				CLANG_WARN_STRICT_PROTOTYPES = YES;
				CLANG_WARN_SUSPICIOUS_MOVE = YES;
				CLANG_WARN_UNGUARDED_AVAILABILITY = YES_AGGRESSIVE;
				CLANG_WARN_UNREACHABLE_CODE = YES;
				CLANG_WARN__DUPLICATE_METHOD_MATCH = YES;
				COPY_PHASE_STRIP = NO;
				DEBUG_INFORMATION_FORMAT = dwarf;
				ENABLE_STRICT_OBJC_MSGSEND = YES;
				ENABLE_TESTABILITY = YES;
				GCC_C_LANGUAGE_STANDARD = gnu11;
				GCC_DYNAMIC_NO_PIC = NO;
				GCC_NO_COMMON_BLOCKS = YES;
				GCC_OPTIMIZATION_LEVEL = 0;
				GCC_PREPROCESSOR_DEFINITIONS = (
					"DEBUG=1",
					"$(inherited)",
				);
				GCC_WARN_64_TO_32_BIT_CONVERSION = YES;
				GCC_WARN_ABOUT_RETURN_TYPE = YES_ERROR;
				GCC_WARN_UNDECLARED_SELECTOR = YES;
				GCC_WARN_UNINITIALIZED_AUTOS = YES_AGGRESSIVE;
				GCC_WARN_UNUSED_FUNCTION = YES;
				GCC_WARN_UNUSED_VARIABLE = YES;
				IPHONEOS_DEPLOYMENT_TARGET = 15.5;
				MTL_ENABLE_DEBUG_INFO = INCLUDE_SOURCE;
				MTL_FAST_MATH = YES;
				ONLY_ACTIVE_ARCH = YES;
				SDKROOT = iphoneos;
				SWIFT_ACTIVE_COMPILATION_CONDITIONS = DEBUG;
				SWIFT_OPTIMIZATION_LEVEL = "-Onone";
			};
			name = Debug;
		};
		A66D66DD2873568A00C5BDBE /* Release */ = {
			isa = XCBuildConfiguration;
			buildSettings = {
				ALWAYS_SEARCH_USER_PATHS = NO;
				CLANG_ANALYZER_NONNULL = YES;
				CLANG_ANALYZER_NUMBER_OBJECT_CONVERSION = YES_AGGRESSIVE;
				CLANG_CXX_LANGUAGE_STANDARD = "gnu++17";
				CLANG_ENABLE_MODULES = YES;
				CLANG_ENABLE_OBJC_ARC = YES;
				CLANG_ENABLE_OBJC_WEAK = YES;
				CLANG_WARN_BLOCK_CAPTURE_AUTORELEASING = YES;
				CLANG_WARN_BOOL_CONVERSION = YES;
				CLANG_WARN_COMMA = YES;
				CLANG_WARN_CONSTANT_CONVERSION = YES;
				CLANG_WARN_DEPRECATED_OBJC_IMPLEMENTATIONS = YES;
				CLANG_WARN_DIRECT_OBJC_ISA_USAGE = YES_ERROR;
				CLANG_WARN_DOCUMENTATION_COMMENTS = YES;
				CLANG_WARN_EMPTY_BODY = YES;
				CLANG_WARN_ENUM_CONVERSION = YES;
				CLANG_WARN_INFINITE_RECURSION = YES;
				CLANG_WARN_INT_CONVERSION = YES;
				CLANG_WARN_NON_LITERAL_NULL_CONVERSION = YES;
				CLANG_WARN_OBJC_IMPLICIT_RETAIN_SELF = YES;
				CLANG_WARN_OBJC_LITERAL_CONVERSION = YES;
				CLANG_WARN_OBJC_ROOT_CLASS = YES_ERROR;
				CLANG_WARN_QUOTED_INCLUDE_IN_FRAMEWORK_HEADER = YES;
				CLANG_WARN_RANGE_LOOP_ANALYSIS = YES;
				CLANG_WARN_STRICT_PROTOTYPES = YES;
				CLANG_WARN_SUSPICIOUS_MOVE = YES;
				CLANG_WARN_UNGUARDED_AVAILABILITY = YES_AGGRESSIVE;
				CLANG_WARN_UNREACHABLE_CODE = YES;
				CLANG_WARN__DUPLICATE_METHOD_MATCH = YES;
				COPY_PHASE_STRIP = NO;
				DEBUG_INFORMATION_FORMAT = "dwarf-with-dsym";
				ENABLE_NS_ASSERTIONS = NO;
				ENABLE_STRICT_OBJC_MSGSEND = YES;
				GCC_C_LANGUAGE_STANDARD = gnu11;
				GCC_NO_COMMON_BLOCKS = YES;
				GCC_WARN_64_TO_32_BIT_CONVERSION = YES;
				GCC_WARN_ABOUT_RETURN_TYPE = YES_ERROR;
				GCC_WARN_UNDECLARED_SELECTOR = YES;
				GCC_WARN_UNINITIALIZED_AUTOS = YES_AGGRESSIVE;
				GCC_WARN_UNUSED_FUNCTION = YES;
				GCC_WARN_UNUSED_VARIABLE = YES;
				IPHONEOS_DEPLOYMENT_TARGET = 15.5;
				MTL_ENABLE_DEBUG_INFO = NO;
				MTL_FAST_MATH = YES;
				SDKROOT = iphoneos;
				SWIFT_COMPILATION_MODE = wholemodule;
				SWIFT_OPTIMIZATION_LEVEL = "-O";
				VALIDATE_PRODUCT = YES;
			};
			name = Release;
		};
		A66D66DF2873568A00C5BDBE /* Debug */ = {
			isa = XCBuildConfiguration;
			baseConfigurationReference = A6B5DAEEF0180EBC63DA4552 /* Pods-Shopify.debug.xcconfig */;
			buildSettings = {
				ASSETCATALOG_COMPILER_APPICON_NAME = AppIcon;
				ASSETCATALOG_COMPILER_GLOBAL_ACCENT_COLOR_NAME = AccentColor;
				CODE_SIGN_STYLE = Automatic;
				CURRENT_PROJECT_VERSION = 1;
				DEVELOPMENT_TEAM = HK3DJJFRK7;
				GENERATE_INFOPLIST_FILE = YES;
				INFOPLIST_FILE = Shopify/Info.plist;
				INFOPLIST_KEY_UIApplicationSupportsIndirectInputEvents = YES;
				INFOPLIST_KEY_UILaunchStoryboardName = LaunchScreen;
				INFOPLIST_KEY_UIMainStoryboardFile = Main;
				INFOPLIST_KEY_UISupportedInterfaceOrientations_iPad = "UIInterfaceOrientationPortrait UIInterfaceOrientationPortraitUpsideDown UIInterfaceOrientationLandscapeLeft UIInterfaceOrientationLandscapeRight";
				INFOPLIST_KEY_UISupportedInterfaceOrientations_iPhone = "UIInterfaceOrientationPortrait UIInterfaceOrientationLandscapeLeft UIInterfaceOrientationLandscapeRight";
				LD_RUNPATH_SEARCH_PATHS = (
					"$(inherited)",
					"@executable_path/Frameworks",
				);
				MARKETING_VERSION = 1.0;
				PRODUCT_BUNDLE_IDENTIFIER = mostafa.Shopify;
				PRODUCT_NAME = "$(TARGET_NAME)";
				SWIFT_EMIT_LOC_STRINGS = YES;
				SWIFT_VERSION = 5.0;
				TARGETED_DEVICE_FAMILY = "1,2";
			};
			name = Debug;
		};
		A66D66E02873568A00C5BDBE /* Release */ = {
			isa = XCBuildConfiguration;
			baseConfigurationReference = E894B9D28CBD8BB07198E01C /* Pods-Shopify.release.xcconfig */;
			buildSettings = {
				ASSETCATALOG_COMPILER_APPICON_NAME = AppIcon;
				ASSETCATALOG_COMPILER_GLOBAL_ACCENT_COLOR_NAME = AccentColor;
				CODE_SIGN_STYLE = Automatic;
				CURRENT_PROJECT_VERSION = 1;
				DEVELOPMENT_TEAM = HK3DJJFRK7;
				GENERATE_INFOPLIST_FILE = YES;
				INFOPLIST_FILE = Shopify/Info.plist;
				INFOPLIST_KEY_UIApplicationSupportsIndirectInputEvents = YES;
				INFOPLIST_KEY_UILaunchStoryboardName = LaunchScreen;
				INFOPLIST_KEY_UIMainStoryboardFile = Main;
				INFOPLIST_KEY_UISupportedInterfaceOrientations_iPad = "UIInterfaceOrientationPortrait UIInterfaceOrientationPortraitUpsideDown UIInterfaceOrientationLandscapeLeft UIInterfaceOrientationLandscapeRight";
				INFOPLIST_KEY_UISupportedInterfaceOrientations_iPhone = "UIInterfaceOrientationPortrait UIInterfaceOrientationLandscapeLeft UIInterfaceOrientationLandscapeRight";
				LD_RUNPATH_SEARCH_PATHS = (
					"$(inherited)",
					"@executable_path/Frameworks",
				);
				MARKETING_VERSION = 1.0;
				PRODUCT_BUNDLE_IDENTIFIER = mostafa.Shopify;
				PRODUCT_NAME = "$(TARGET_NAME)";
				SWIFT_EMIT_LOC_STRINGS = YES;
				SWIFT_VERSION = 5.0;
				TARGETED_DEVICE_FAMILY = "1,2";
			};
			name = Release;
		};
		A66D66E22873568A00C5BDBE /* Debug */ = {
			isa = XCBuildConfiguration;
			buildSettings = {
				ALWAYS_EMBED_SWIFT_STANDARD_LIBRARIES = YES;
				BUNDLE_LOADER = "$(TEST_HOST)";
				CODE_SIGN_STYLE = Automatic;
				CURRENT_PROJECT_VERSION = 1;
				DEVELOPMENT_TEAM = HK3DJJFRK7;
				GENERATE_INFOPLIST_FILE = YES;
				IPHONEOS_DEPLOYMENT_TARGET = 15.5;
				MARKETING_VERSION = 1.0;
				PRODUCT_BUNDLE_IDENTIFIER = mostafa.ShopifyTests;
				PRODUCT_NAME = "$(TARGET_NAME)";
				SWIFT_EMIT_LOC_STRINGS = NO;
				SWIFT_VERSION = 5.0;
				TARGETED_DEVICE_FAMILY = "1,2";
				TEST_HOST = "$(BUILT_PRODUCTS_DIR)/Shopify.app/Shopify";
			};
			name = Debug;
		};
		A66D66E32873568A00C5BDBE /* Release */ = {
			isa = XCBuildConfiguration;
			buildSettings = {
				ALWAYS_EMBED_SWIFT_STANDARD_LIBRARIES = YES;
				BUNDLE_LOADER = "$(TEST_HOST)";
				CODE_SIGN_STYLE = Automatic;
				CURRENT_PROJECT_VERSION = 1;
				DEVELOPMENT_TEAM = HK3DJJFRK7;
				GENERATE_INFOPLIST_FILE = YES;
				IPHONEOS_DEPLOYMENT_TARGET = 15.5;
				MARKETING_VERSION = 1.0;
				PRODUCT_BUNDLE_IDENTIFIER = mostafa.ShopifyTests;
				PRODUCT_NAME = "$(TARGET_NAME)";
				SWIFT_EMIT_LOC_STRINGS = NO;
				SWIFT_VERSION = 5.0;
				TARGETED_DEVICE_FAMILY = "1,2";
				TEST_HOST = "$(BUILT_PRODUCTS_DIR)/Shopify.app/Shopify";
			};
			name = Release;
		};
		A66D66E52873568A00C5BDBE /* Debug */ = {
			isa = XCBuildConfiguration;
			buildSettings = {
				ALWAYS_EMBED_SWIFT_STANDARD_LIBRARIES = YES;
				CODE_SIGN_STYLE = Automatic;
				CURRENT_PROJECT_VERSION = 1;
				DEVELOPMENT_TEAM = HK3DJJFRK7;
				GENERATE_INFOPLIST_FILE = YES;
				MARKETING_VERSION = 1.0;
				PRODUCT_BUNDLE_IDENTIFIER = mostafa.ShopifyUITests;
				PRODUCT_NAME = "$(TARGET_NAME)";
				SWIFT_EMIT_LOC_STRINGS = NO;
				SWIFT_VERSION = 5.0;
				TARGETED_DEVICE_FAMILY = "1,2";
				TEST_TARGET_NAME = Shopify;
			};
			name = Debug;
		};
		A66D66E62873568A00C5BDBE /* Release */ = {
			isa = XCBuildConfiguration;
			buildSettings = {
				ALWAYS_EMBED_SWIFT_STANDARD_LIBRARIES = YES;
				CODE_SIGN_STYLE = Automatic;
				CURRENT_PROJECT_VERSION = 1;
				DEVELOPMENT_TEAM = HK3DJJFRK7;
				GENERATE_INFOPLIST_FILE = YES;
				MARKETING_VERSION = 1.0;
				PRODUCT_BUNDLE_IDENTIFIER = mostafa.ShopifyUITests;
				PRODUCT_NAME = "$(TARGET_NAME)";
				SWIFT_EMIT_LOC_STRINGS = NO;
				SWIFT_VERSION = 5.0;
				TARGETED_DEVICE_FAMILY = "1,2";
				TEST_TARGET_NAME = Shopify;
			};
			name = Release;
		};
/* End XCBuildConfiguration section */

/* Begin XCConfigurationList section */
		A66D66AC2873568800C5BDBE /* Build configuration list for PBXProject "Shopify" */ = {
			isa = XCConfigurationList;
			buildConfigurations = (
				A66D66DC2873568A00C5BDBE /* Debug */,
				A66D66DD2873568A00C5BDBE /* Release */,
			);
			defaultConfigurationIsVisible = 0;
			defaultConfigurationName = Release;
		};
		A66D66DE2873568A00C5BDBE /* Build configuration list for PBXNativeTarget "Shopify" */ = {
			isa = XCConfigurationList;
			buildConfigurations = (
				A66D66DF2873568A00C5BDBE /* Debug */,
				A66D66E02873568A00C5BDBE /* Release */,
			);
			defaultConfigurationIsVisible = 0;
			defaultConfigurationName = Release;
		};
		A66D66E12873568A00C5BDBE /* Build configuration list for PBXNativeTarget "ShopifyTests" */ = {
			isa = XCConfigurationList;
			buildConfigurations = (
				A66D66E22873568A00C5BDBE /* Debug */,
				A66D66E32873568A00C5BDBE /* Release */,
			);
			defaultConfigurationIsVisible = 0;
			defaultConfigurationName = Release;
		};
		A66D66E42873568A00C5BDBE /* Build configuration list for PBXNativeTarget "ShopifyUITests" */ = {
			isa = XCConfigurationList;
			buildConfigurations = (
				A66D66E52873568A00C5BDBE /* Debug */,
				A66D66E62873568A00C5BDBE /* Release */,
			);
			defaultConfigurationIsVisible = 0;
			defaultConfigurationName = Release;
		};
/* End XCConfigurationList section */

/* Begin XCVersionGroup section */
		A66D66BD2873568900C5BDBE /* Shopify.xcdatamodeld */ = {
			isa = XCVersionGroup;
			children = (
				A66D66BE2873568900C5BDBE /* Shopify.xcdatamodel */,
			);
			currentVersion = A66D66BE2873568900C5BDBE /* Shopify.xcdatamodel */;
			path = Shopify.xcdatamodeld;
			sourceTree = "<group>";
			versionGroupType = wrapper.xcdatamodel;
		};
/* End XCVersionGroup section */
	};
	rootObject = A66D66A92873568800C5BDBE /* Project object */;
}
